// !$*UTF8*$!
{
	archiveVersion = 1;
	classes = {
	};
	objectVersion = 48;
	objects = {

/* Begin PBXBuildFile section */
		261D0FDF1FDE7FA700487F17 /* AppDelegate.m in Sources */ = {isa = PBXBuildFile; fileRef = 261D0FDE1FDE7FA700487F17 /* AppDelegate.m */; };
		261D0FE21FDE7FA700487F17 /* ViewController.m in Sources */ = {isa = PBXBuildFile; fileRef = 261D0FE11FDE7FA700487F17 /* ViewController.m */; };
		261D0FE51FDE7FA700487F17 /* Main.storyboard in Resources */ = {isa = PBXBuildFile; fileRef = 261D0FE31FDE7FA700487F17 /* Main.storyboard */; };
		261D0FE71FDE7FA700487F17 /* Assets.xcassets in Resources */ = {isa = PBXBuildFile; fileRef = 261D0FE61FDE7FA700487F17 /* Assets.xcassets */; };
		261D0FEA1FDE7FA700487F17 /* LaunchScreen.storyboard in Resources */ = {isa = PBXBuildFile; fileRef = 261D0FE81FDE7FA700487F17 /* LaunchScreen.storyboard */; };
		261D0FED1FDE7FA700487F17 /* main.m in Sources */ = {isa = PBXBuildFile; fileRef = 261D0FEC1FDE7FA700487F17 /* main.m */; };
		261D0FF71FDE7FA800487F17 /* ReactiveCocoaDemoTests.m in Sources */ = {isa = PBXBuildFile; fileRef = 261D0FF61FDE7FA800487F17 /* ReactiveCocoaDemoTests.m */; };
		261D10021FDE7FA800487F17 /* ReactiveCocoaDemoUITests.m in Sources */ = {isa = PBXBuildFile; fileRef = 261D10011FDE7FA800487F17 /* ReactiveCocoaDemoUITests.m */; };
		261F69F11FE3B19400EB00C3 /* ICETableViewModel.m in Sources */ = {isa = PBXBuildFile; fileRef = 261F69F01FE3B19400EB00C3 /* ICETableViewModel.m */; };
		261F69F41FE3BF4C00EB00C3 /* ICEModel.m in Sources */ = {isa = PBXBuildFile; fileRef = 261F69F31FE3BF4C00EB00C3 /* ICEModel.m */; };
		262F8C781FDFB0CE00D716BF /* SUGoodsData_17.data in Resources */ = {isa = PBXBuildFile; fileRef = 262F8C631FDFB0CE00D716BF /* SUGoodsData_17.data */; };
		262F8C791FDFB0CE00D716BF /* SUGoodsData_5.data in Resources */ = {isa = PBXBuildFile; fileRef = 262F8C641FDFB0CE00D716BF /* SUGoodsData_5.data */; };
		262F8C7A1FDFB0CE00D716BF /* SUGoodsData_9.data in Resources */ = {isa = PBXBuildFile; fileRef = 262F8C651FDFB0CE00D716BF /* SUGoodsData_9.data */; };
		262F8C7B1FDFB0CE00D716BF /* SUGoodsData_20.data in Resources */ = {isa = PBXBuildFile; fileRef = 262F8C661FDFB0CE00D716BF /* SUGoodsData_20.data */; };
		262F8C7C1FDFB0CE00D716BF /* SUGoodsData_8.data in Resources */ = {isa = PBXBuildFile; fileRef = 262F8C671FDFB0CE00D716BF /* SUGoodsData_8.data */; };
		262F8C7D1FDFB0CE00D716BF /* SUGoodsData_4.data in Resources */ = {isa = PBXBuildFile; fileRef = 262F8C681FDFB0CE00D716BF /* SUGoodsData_4.data */; };
		262F8C7E1FDFB0CE00D716BF /* SUGoodsData_16.data in Resources */ = {isa = PBXBuildFile; fileRef = 262F8C691FDFB0CE00D716BF /* SUGoodsData_16.data */; };
		262F8C7F1FDFB0CE00D716BF /* SUGoodsData_11.data in Resources */ = {isa = PBXBuildFile; fileRef = 262F8C6A1FDFB0CE00D716BF /* SUGoodsData_11.data */; };
		262F8C801FDFB0CE00D716BF /* SUGoodsData_3.data in Resources */ = {isa = PBXBuildFile; fileRef = 262F8C6B1FDFB0CE00D716BF /* SUGoodsData_3.data */; };
		262F8C811FDFB0CE00D716BF /* SUGoodsData_2.data in Resources */ = {isa = PBXBuildFile; fileRef = 262F8C6C1FDFB0CE00D716BF /* SUGoodsData_2.data */; };
		262F8C821FDFB0CE00D716BF /* SUGoodsData_10.data in Resources */ = {isa = PBXBuildFile; fileRef = 262F8C6D1FDFB0CE00D716BF /* SUGoodsData_10.data */; };
		262F8C831FDFB0CE00D716BF /* SUBannerData.data in Resources */ = {isa = PBXBuildFile; fileRef = 262F8C6E1FDFB0CE00D716BF /* SUBannerData.data */; };
		262F8C841FDFB0CE00D716BF /* SUGoodsData_1.data in Resources */ = {isa = PBXBuildFile; fileRef = 262F8C6F1FDFB0CE00D716BF /* SUGoodsData_1.data */; };
		262F8C851FDFB0CE00D716BF /* SUGoodsData_13.data in Resources */ = {isa = PBXBuildFile; fileRef = 262F8C701FDFB0CE00D716BF /* SUGoodsData_13.data */; };
		262F8C861FDFB0CE00D716BF /* SUGoodsData_12.data in Resources */ = {isa = PBXBuildFile; fileRef = 262F8C711FDFB0CE00D716BF /* SUGoodsData_12.data */; };
		262F8C871FDFB0CE00D716BF /* SUGoodsData_7.data in Resources */ = {isa = PBXBuildFile; fileRef = 262F8C721FDFB0CE00D716BF /* SUGoodsData_7.data */; };
		262F8C881FDFB0CE00D716BF /* SUGoodsData_15.data in Resources */ = {isa = PBXBuildFile; fileRef = 262F8C731FDFB0CE00D716BF /* SUGoodsData_15.data */; };
		262F8C891FDFB0CE00D716BF /* SUGoodsData_19.data in Resources */ = {isa = PBXBuildFile; fileRef = 262F8C741FDFB0CE00D716BF /* SUGoodsData_19.data */; };
		262F8C8A1FDFB0CE00D716BF /* SUGoodsData_18.data in Resources */ = {isa = PBXBuildFile; fileRef = 262F8C751FDFB0CE00D716BF /* SUGoodsData_18.data */; };
		262F8C8B1FDFB0CE00D716BF /* SUGoodsData_14.data in Resources */ = {isa = PBXBuildFile; fileRef = 262F8C761FDFB0CE00D716BF /* SUGoodsData_14.data */; };
		262F8C8C1FDFB0CE00D716BF /* SUGoodsData_6.data in Resources */ = {isa = PBXBuildFile; fileRef = 262F8C771FDFB0CE00D716BF /* SUGoodsData_6.data */; };
		262F8C941FDFB1B400D716BF /* ICEConstant.m in Sources */ = {isa = PBXBuildFile; fileRef = 262F8C931FDFB1B400D716BF /* ICEConstant.m */; };
		262F8CD61FDFC76500D716BF /* ICENavigationController.m in Sources */ = {isa = PBXBuildFile; fileRef = 262F8CD51FDFC76500D716BF /* ICENavigationController.m */; };
		262F8CD91FDFDABE00D716BF /* UINavigationItem+ICEBackBarButtonItem.m in Sources */ = {isa = PBXBuildFile; fileRef = 262F8CD81FDFDABE00D716BF /* UINavigationItem+ICEBackBarButtonItem.m */; };
		262F8CDC1FDFDD9F00D716BF /* ICENavigationControllerStack.m in Sources */ = {isa = PBXBuildFile; fileRef = 262F8CDB1FDFDD9F00D716BF /* ICENavigationControllerStack.m */; };
		262F8CE11FDFDEB900D716BF /* ICEViewModel.m in Sources */ = {isa = PBXBuildFile; fileRef = 262F8CE01FDFDEB900D716BF /* ICEViewModel.m */; };
		262F8CE41FDFE0CB00D716BF /* ICEViewControllerAnimatedTransition.m in Sources */ = {isa = PBXBuildFile; fileRef = 262F8CE31FDFE0CB00D716BF /* ICEViewControllerAnimatedTransition.m */; };
		262F8CE71FDFE12F00D716BF /* ICEViewController.m in Sources */ = {isa = PBXBuildFile; fileRef = 262F8CE61FDFE12F00D716BF /* ICEViewController.m */; };
		262F8CED1FDFEE1900D716BF /* UIBarButtonItem+ICEExtension.m in Sources */ = {isa = PBXBuildFile; fileRef = 262F8CEC1FDFEE1900D716BF /* UIBarButtonItem+ICEExtension.m */; };
		264D9B151FE22F1E008F8B7E /* ICEGoodsViewModel.m in Sources */ = {isa = PBXBuildFile; fileRef = 264D9B141FE22F1E008F8B7E /* ICEGoodsViewModel.m */; };
		264D9B181FE23332008F8B7E /* ICEProgressHUD.m in Sources */ = {isa = PBXBuildFile; fileRef = 264D9B171FE23332008F8B7E /* ICEProgressHUD.m */; };
		264D9B1E1FE2510C008F8B7E /* NSError+ICEExtension.m in Sources */ = {isa = PBXBuildFile; fileRef = 264D9B1D1FE2510C008F8B7E /* NSError+ICEExtension.m */; };
		264D9B211FE252E0008F8B7E /* UIFont+ICEExtension.m in Sources */ = {isa = PBXBuildFile; fileRef = 264D9B201FE252E0008F8B7E /* UIFont+ICEExtension.m */; };
		264D9B2E1FE25E56008F8B7E /* NSString+ICEValidation.m in Sources */ = {isa = PBXBuildFile; fileRef = 264D9B2D1FE25E56008F8B7E /* NSString+ICEValidation.m */; };
		2654FD0D1FE0CBDB00E76731 /* ICELoginViewController.m in Sources */ = {isa = PBXBuildFile; fileRef = 2654FD0C1FE0CBDB00E76731 /* ICELoginViewController.m */; };
		2654FD101FE0CC3300E76731 /* ICEGoodsViewController.m in Sources */ = {isa = PBXBuildFile; fileRef = 2654FD0F1FE0CC3300E76731 /* ICEGoodsViewController.m */; };
		2673D9211FE1274B008A4F30 /* ICELoginViewModel.m in Sources */ = {isa = PBXBuildFile; fileRef = 2673D9201FE1274B008A4F30 /* ICELoginViewModel.m */; };
		9D256B04417F60B73B06AB48 /* Pods_ReactiveCocoaDemo_ReactiveCocoaDemoTests.framework in Frameworks */ = {isa = PBXBuildFile; fileRef = 610B44158436DCF52E7BCF14 /* Pods_ReactiveCocoaDemo_ReactiveCocoaDemoTests.framework */; };
		BD97B1F077182992A96D49F0 /* Pods_ReactiveCocoaDemo.framework in Frameworks */ = {isa = PBXBuildFile; fileRef = 9206507A885BC2C83D4C08FB /* Pods_ReactiveCocoaDemo.framework */; };
		BF5AA7285AAA1DD080395B7E /* Pods_ReactiveCocoaDemo_ReactiveCocoaDemoUITests.framework in Frameworks */ = {isa = PBXBuildFile; fileRef = 5BAE6F6EE5AD71DDE6B92F5B /* Pods_ReactiveCocoaDemo_ReactiveCocoaDemoUITests.framework */; };
/* End PBXBuildFile section */

/* Begin PBXContainerItemProxy section */
		261D0FF31FDE7FA800487F17 /* PBXContainerItemProxy */ = {
			isa = PBXContainerItemProxy;
			containerPortal = 261D0FD21FDE7FA700487F17 /* Project object */;
			proxyType = 1;
			remoteGlobalIDString = 261D0FD91FDE7FA700487F17;
			remoteInfo = ReactiveCocoaDemo;
		};
		261D0FFE1FDE7FA800487F17 /* PBXContainerItemProxy */ = {
			isa = PBXContainerItemProxy;
			containerPortal = 261D0FD21FDE7FA700487F17 /* Project object */;
			proxyType = 1;
			remoteGlobalIDString = 261D0FD91FDE7FA700487F17;
			remoteInfo = ReactiveCocoaDemo;
		};
/* End PBXContainerItemProxy section */

/* Begin PBXFileReference section */
		17461F601F1657138FB49CDF /* Pods-ReactiveCocoaDemo-ReactiveCocoaDemoUITests.release.xcconfig */ = {isa = PBXFileReference; includeInIndex = 1; lastKnownFileType = text.xcconfig; name = "Pods-ReactiveCocoaDemo-ReactiveCocoaDemoUITests.release.xcconfig"; path = "Pods/Target Support Files/Pods-ReactiveCocoaDemo-ReactiveCocoaDemoUITests/Pods-ReactiveCocoaDemo-ReactiveCocoaDemoUITests.release.xcconfig"; sourceTree = "<group>"; };
		261D0FDA1FDE7FA700487F17 /* ReactiveCocoaDemo.app */ = {isa = PBXFileReference; explicitFileType = wrapper.application; includeInIndex = 0; path = ReactiveCocoaDemo.app; sourceTree = BUILT_PRODUCTS_DIR; };
		261D0FDD1FDE7FA700487F17 /* AppDelegate.h */ = {isa = PBXFileReference; lastKnownFileType = sourcecode.c.h; path = AppDelegate.h; sourceTree = "<group>"; };
		261D0FDE1FDE7FA700487F17 /* AppDelegate.m */ = {isa = PBXFileReference; lastKnownFileType = sourcecode.c.objc; path = AppDelegate.m; sourceTree = "<group>"; };
		261D0FE01FDE7FA700487F17 /* ViewController.h */ = {isa = PBXFileReference; lastKnownFileType = sourcecode.c.h; path = ViewController.h; sourceTree = "<group>"; };
		261D0FE11FDE7FA700487F17 /* ViewController.m */ = {isa = PBXFileReference; lastKnownFileType = sourcecode.c.objc; path = ViewController.m; sourceTree = "<group>"; };
		261D0FE41FDE7FA700487F17 /* Base */ = {isa = PBXFileReference; lastKnownFileType = file.storyboard; name = Base; path = Base.lproj/Main.storyboard; sourceTree = "<group>"; };
		261D0FE61FDE7FA700487F17 /* Assets.xcassets */ = {isa = PBXFileReference; lastKnownFileType = folder.assetcatalog; path = Assets.xcassets; sourceTree = "<group>"; };
		261D0FE91FDE7FA700487F17 /* Base */ = {isa = PBXFileReference; lastKnownFileType = file.storyboard; name = Base; path = Base.lproj/LaunchScreen.storyboard; sourceTree = "<group>"; };
		261D0FEB1FDE7FA700487F17 /* Info.plist */ = {isa = PBXFileReference; lastKnownFileType = text.plist.xml; path = Info.plist; sourceTree = "<group>"; };
		261D0FEC1FDE7FA700487F17 /* main.m */ = {isa = PBXFileReference; lastKnownFileType = sourcecode.c.objc; path = main.m; sourceTree = "<group>"; };
		261D0FF21FDE7FA800487F17 /* ReactiveCocoaDemoTests.xctest */ = {isa = PBXFileReference; explicitFileType = wrapper.cfbundle; includeInIndex = 0; path = ReactiveCocoaDemoTests.xctest; sourceTree = BUILT_PRODUCTS_DIR; };
		261D0FF61FDE7FA800487F17 /* ReactiveCocoaDemoTests.m */ = {isa = PBXFileReference; lastKnownFileType = sourcecode.c.objc; path = ReactiveCocoaDemoTests.m; sourceTree = "<group>"; };
		261D0FF81FDE7FA800487F17 /* Info.plist */ = {isa = PBXFileReference; lastKnownFileType = text.plist.xml; path = Info.plist; sourceTree = "<group>"; };
		261D0FFD1FDE7FA800487F17 /* ReactiveCocoaDemoUITests.xctest */ = {isa = PBXFileReference; explicitFileType = wrapper.cfbundle; includeInIndex = 0; path = ReactiveCocoaDemoUITests.xctest; sourceTree = BUILT_PRODUCTS_DIR; };
		261D10011FDE7FA800487F17 /* ReactiveCocoaDemoUITests.m */ = {isa = PBXFileReference; lastKnownFileType = sourcecode.c.objc; path = ReactiveCocoaDemoUITests.m; sourceTree = "<group>"; };
		261D10031FDE7FA800487F17 /* Info.plist */ = {isa = PBXFileReference; lastKnownFileType = text.plist.xml; path = Info.plist; sourceTree = "<group>"; };
		261F69EF1FE3B19400EB00C3 /* ICETableViewModel.h */ = {isa = PBXFileReference; lastKnownFileType = sourcecode.c.h; path = ICETableViewModel.h; sourceTree = "<group>"; };
		261F69F01FE3B19400EB00C3 /* ICETableViewModel.m */ = {isa = PBXFileReference; lastKnownFileType = sourcecode.c.objc; path = ICETableViewModel.m; sourceTree = "<group>"; };
		261F69F21FE3BF4C00EB00C3 /* ICEModel.h */ = {isa = PBXFileReference; lastKnownFileType = sourcecode.c.h; path = ICEModel.h; sourceTree = "<group>"; };
		261F69F31FE3BF4C00EB00C3 /* ICEModel.m */ = {isa = PBXFileReference; lastKnownFileType = sourcecode.c.objc; path = ICEModel.m; sourceTree = "<group>"; };
		262F8C631FDFB0CE00D716BF /* SUGoodsData_17.data */ = {isa = PBXFileReference; fileEncoding = 4; lastKnownFileType = text; path = SUGoodsData_17.data; sourceTree = "<group>"; };
		262F8C641FDFB0CE00D716BF /* SUGoodsData_5.data */ = {isa = PBXFileReference; fileEncoding = 4; lastKnownFileType = text; path = SUGoodsData_5.data; sourceTree = "<group>"; };
		262F8C651FDFB0CE00D716BF /* SUGoodsData_9.data */ = {isa = PBXFileReference; fileEncoding = 4; lastKnownFileType = text; path = SUGoodsData_9.data; sourceTree = "<group>"; };
		262F8C661FDFB0CE00D716BF /* SUGoodsData_20.data */ = {isa = PBXFileReference; fileEncoding = 4; lastKnownFileType = text; path = SUGoodsData_20.data; sourceTree = "<group>"; };
		262F8C671FDFB0CE00D716BF /* SUGoodsData_8.data */ = {isa = PBXFileReference; fileEncoding = 4; lastKnownFileType = text; path = SUGoodsData_8.data; sourceTree = "<group>"; };
		262F8C681FDFB0CE00D716BF /* SUGoodsData_4.data */ = {isa = PBXFileReference; fileEncoding = 4; lastKnownFileType = text; path = SUGoodsData_4.data; sourceTree = "<group>"; };
		262F8C691FDFB0CE00D716BF /* SUGoodsData_16.data */ = {isa = PBXFileReference; fileEncoding = 4; lastKnownFileType = text; path = SUGoodsData_16.data; sourceTree = "<group>"; };
		262F8C6A1FDFB0CE00D716BF /* SUGoodsData_11.data */ = {isa = PBXFileReference; fileEncoding = 4; lastKnownFileType = text; path = SUGoodsData_11.data; sourceTree = "<group>"; };
		262F8C6B1FDFB0CE00D716BF /* SUGoodsData_3.data */ = {isa = PBXFileReference; fileEncoding = 4; lastKnownFileType = text; path = SUGoodsData_3.data; sourceTree = "<group>"; };
		262F8C6C1FDFB0CE00D716BF /* SUGoodsData_2.data */ = {isa = PBXFileReference; fileEncoding = 4; lastKnownFileType = text; path = SUGoodsData_2.data; sourceTree = "<group>"; };
		262F8C6D1FDFB0CE00D716BF /* SUGoodsData_10.data */ = {isa = PBXFileReference; fileEncoding = 4; lastKnownFileType = text; path = SUGoodsData_10.data; sourceTree = "<group>"; };
		262F8C6E1FDFB0CE00D716BF /* SUBannerData.data */ = {isa = PBXFileReference; fileEncoding = 4; lastKnownFileType = text; path = SUBannerData.data; sourceTree = "<group>"; };
		262F8C6F1FDFB0CE00D716BF /* SUGoodsData_1.data */ = {isa = PBXFileReference; fileEncoding = 4; lastKnownFileType = text; path = SUGoodsData_1.data; sourceTree = "<group>"; };
		262F8C701FDFB0CE00D716BF /* SUGoodsData_13.data */ = {isa = PBXFileReference; fileEncoding = 4; lastKnownFileType = text; path = SUGoodsData_13.data; sourceTree = "<group>"; };
		262F8C711FDFB0CE00D716BF /* SUGoodsData_12.data */ = {isa = PBXFileReference; fileEncoding = 4; lastKnownFileType = text; path = SUGoodsData_12.data; sourceTree = "<group>"; };
		262F8C721FDFB0CE00D716BF /* SUGoodsData_7.data */ = {isa = PBXFileReference; fileEncoding = 4; lastKnownFileType = text; path = SUGoodsData_7.data; sourceTree = "<group>"; };
		262F8C731FDFB0CE00D716BF /* SUGoodsData_15.data */ = {isa = PBXFileReference; fileEncoding = 4; lastKnownFileType = text; path = SUGoodsData_15.data; sourceTree = "<group>"; };
		262F8C741FDFB0CE00D716BF /* SUGoodsData_19.data */ = {isa = PBXFileReference; fileEncoding = 4; lastKnownFileType = text; path = SUGoodsData_19.data; sourceTree = "<group>"; };
		262F8C751FDFB0CE00D716BF /* SUGoodsData_18.data */ = {isa = PBXFileReference; fileEncoding = 4; lastKnownFileType = text; path = SUGoodsData_18.data; sourceTree = "<group>"; };
		262F8C761FDFB0CE00D716BF /* SUGoodsData_14.data */ = {isa = PBXFileReference; fileEncoding = 4; lastKnownFileType = text; path = SUGoodsData_14.data; sourceTree = "<group>"; };
		262F8C771FDFB0CE00D716BF /* SUGoodsData_6.data */ = {isa = PBXFileReference; fileEncoding = 4; lastKnownFileType = text; path = SUGoodsData_6.data; sourceTree = "<group>"; };
		262F8C921FDFB1B400D716BF /* ICEConstant.h */ = {isa = PBXFileReference; lastKnownFileType = sourcecode.c.h; path = ICEConstant.h; sourceTree = "<group>"; };
		262F8C931FDFB1B400D716BF /* ICEConstant.m */ = {isa = PBXFileReference; lastKnownFileType = sourcecode.c.objc; path = ICEConstant.m; sourceTree = "<group>"; };
		262F8C951FDFB5CE00D716BF /* ReactiveCocoaDemoPrefixHeader.pch */ = {isa = PBXFileReference; lastKnownFileType = sourcecode.c.h; path = ReactiveCocoaDemoPrefixHeader.pch; sourceTree = "<group>"; };
		262F8CD41FDFC76500D716BF /* ICENavigationController.h */ = {isa = PBXFileReference; lastKnownFileType = sourcecode.c.h; path = ICENavigationController.h; sourceTree = "<group>"; };
		262F8CD51FDFC76500D716BF /* ICENavigationController.m */ = {isa = PBXFileReference; lastKnownFileType = sourcecode.c.objc; path = ICENavigationController.m; sourceTree = "<group>"; };
		262F8CD71FDFDABE00D716BF /* UINavigationItem+ICEBackBarButtonItem.h */ = {isa = PBXFileReference; lastKnownFileType = sourcecode.c.h; path = "UINavigationItem+ICEBackBarButtonItem.h"; sourceTree = "<group>"; };
		262F8CD81FDFDABE00D716BF /* UINavigationItem+ICEBackBarButtonItem.m */ = {isa = PBXFileReference; lastKnownFileType = sourcecode.c.objc; path = "UINavigationItem+ICEBackBarButtonItem.m"; sourceTree = "<group>"; };
		262F8CDA1FDFDD9F00D716BF /* ICENavigationControllerStack.h */ = {isa = PBXFileReference; lastKnownFileType = sourcecode.c.h; path = ICENavigationControllerStack.h; sourceTree = "<group>"; };
		262F8CDB1FDFDD9F00D716BF /* ICENavigationControllerStack.m */ = {isa = PBXFileReference; lastKnownFileType = sourcecode.c.objc; path = ICENavigationControllerStack.m; sourceTree = "<group>"; };
		262F8CDD1FDFDDEA00D716BF /* ICENavigationProtocol.h */ = {isa = PBXFileReference; lastKnownFileType = sourcecode.c.h; path = ICENavigationProtocol.h; sourceTree = "<group>"; };
		262F8CDE1FDFDE4500D716BF /* ICEViewModelServices.h */ = {isa = PBXFileReference; lastKnownFileType = sourcecode.c.h; path = ICEViewModelServices.h; sourceTree = "<group>"; };
		262F8CDF1FDFDEB900D716BF /* ICEViewModel.h */ = {isa = PBXFileReference; lastKnownFileType = sourcecode.c.h; path = ICEViewModel.h; sourceTree = "<group>"; };
		262F8CE01FDFDEB900D716BF /* ICEViewModel.m */ = {isa = PBXFileReference; lastKnownFileType = sourcecode.c.objc; path = ICEViewModel.m; sourceTree = "<group>"; };
		262F8CE21FDFE0CB00D716BF /* ICEViewControllerAnimatedTransition.h */ = {isa = PBXFileReference; lastKnownFileType = sourcecode.c.h; path = ICEViewControllerAnimatedTransition.h; sourceTree = "<group>"; };
		262F8CE31FDFE0CB00D716BF /* ICEViewControllerAnimatedTransition.m */ = {isa = PBXFileReference; lastKnownFileType = sourcecode.c.objc; path = ICEViewControllerAnimatedTransition.m; sourceTree = "<group>"; };
		262F8CE51FDFE12F00D716BF /* ICEViewController.h */ = {isa = PBXFileReference; lastKnownFileType = sourcecode.c.h; path = ICEViewController.h; sourceTree = "<group>"; };
		262F8CE61FDFE12F00D716BF /* ICEViewController.m */ = {isa = PBXFileReference; lastKnownFileType = sourcecode.c.objc; path = ICEViewController.m; sourceTree = "<group>"; };
		262F8CEB1FDFEE1900D716BF /* UIBarButtonItem+ICEExtension.h */ = {isa = PBXFileReference; lastKnownFileType = sourcecode.c.h; path = "UIBarButtonItem+ICEExtension.h"; sourceTree = "<group>"; };
		262F8CEC1FDFEE1900D716BF /* UIBarButtonItem+ICEExtension.m */ = {isa = PBXFileReference; lastKnownFileType = sourcecode.c.objc; path = "UIBarButtonItem+ICEExtension.m"; sourceTree = "<group>"; };
		264D9B131FE22F1E008F8B7E /* ICEGoodsViewModel.h */ = {isa = PBXFileReference; lastKnownFileType = sourcecode.c.h; path = ICEGoodsViewModel.h; sourceTree = "<group>"; };
		264D9B141FE22F1E008F8B7E /* ICEGoodsViewModel.m */ = {isa = PBXFileReference; lastKnownFileType = sourcecode.c.objc; path = ICEGoodsViewModel.m; sourceTree = "<group>"; };
		264D9B161FE23332008F8B7E /* ICEProgressHUD.h */ = {isa = PBXFileReference; lastKnownFileType = sourcecode.c.h; path = ICEProgressHUD.h; sourceTree = "<group>"; };
		264D9B171FE23332008F8B7E /* ICEProgressHUD.m */ = {isa = PBXFileReference; lastKnownFileType = sourcecode.c.objc; path = ICEProgressHUD.m; sourceTree = "<group>"; };
		264D9B1C1FE2510C008F8B7E /* NSError+ICEExtension.h */ = {isa = PBXFileReference; lastKnownFileType = sourcecode.c.h; path = "NSError+ICEExtension.h"; sourceTree = "<group>"; };
		264D9B1D1FE2510C008F8B7E /* NSError+ICEExtension.m */ = {isa = PBXFileReference; lastKnownFileType = sourcecode.c.objc; path = "NSError+ICEExtension.m"; sourceTree = "<group>"; };
		264D9B1F1FE252E0008F8B7E /* UIFont+ICEExtension.h */ = {isa = PBXFileReference; lastKnownFileType = sourcecode.c.h; path = "UIFont+ICEExtension.h"; sourceTree = "<group>"; };
		264D9B201FE252E0008F8B7E /* UIFont+ICEExtension.m */ = {isa = PBXFileReference; lastKnownFileType = sourcecode.c.objc; path = "UIFont+ICEExtension.m"; sourceTree = "<group>"; };
		264D9B2C1FE25E56008F8B7E /* NSString+ICEValidation.h */ = {isa = PBXFileReference; lastKnownFileType = sourcecode.c.h; path = "NSString+ICEValidation.h"; sourceTree = "<group>"; };
		264D9B2D1FE25E56008F8B7E /* NSString+ICEValidation.m */ = {isa = PBXFileReference; lastKnownFileType = sourcecode.c.objc; path = "NSString+ICEValidation.m"; sourceTree = "<group>"; };
		264D9B2F1FE27B57008F8B7E /* ICEInline.h */ = {isa = PBXFileReference; lastKnownFileType = sourcecode.c.h; path = ICEInline.h; sourceTree = "<group>"; };
		2654FD0B1FE0CBDB00E76731 /* ICELoginViewController.h */ = {isa = PBXFileReference; lastKnownFileType = sourcecode.c.h; path = ICELoginViewController.h; sourceTree = "<group>"; };
		2654FD0C1FE0CBDB00E76731 /* ICELoginViewController.m */ = {isa = PBXFileReference; lastKnownFileType = sourcecode.c.objc; path = ICELoginViewController.m; sourceTree = "<group>"; };
		2654FD0E1FE0CC3300E76731 /* ICEGoodsViewController.h */ = {isa = PBXFileReference; lastKnownFileType = sourcecode.c.h; path = ICEGoodsViewController.h; sourceTree = "<group>"; };
		2654FD0F1FE0CC3300E76731 /* ICEGoodsViewController.m */ = {isa = PBXFileReference; lastKnownFileType = sourcecode.c.objc; path = ICEGoodsViewController.m; sourceTree = "<group>"; };
		2673D91F1FE1274B008A4F30 /* ICELoginViewModel.h */ = {isa = PBXFileReference; lastKnownFileType = sourcecode.c.h; path = ICELoginViewModel.h; sourceTree = "<group>"; };
		2673D9201FE1274B008A4F30 /* ICELoginViewModel.m */ = {isa = PBXFileReference; lastKnownFileType = sourcecode.c.objc; path = ICELoginViewModel.m; sourceTree = "<group>"; };
		5BAE6F6EE5AD71DDE6B92F5B /* Pods_ReactiveCocoaDemo_ReactiveCocoaDemoUITests.framework */ = {isa = PBXFileReference; explicitFileType = wrapper.framework; includeInIndex = 0; path = Pods_ReactiveCocoaDemo_ReactiveCocoaDemoUITests.framework; sourceTree = BUILT_PRODUCTS_DIR; };
		610B44158436DCF52E7BCF14 /* Pods_ReactiveCocoaDemo_ReactiveCocoaDemoTests.framework */ = {isa = PBXFileReference; explicitFileType = wrapper.framework; includeInIndex = 0; path = Pods_ReactiveCocoaDemo_ReactiveCocoaDemoTests.framework; sourceTree = BUILT_PRODUCTS_DIR; };
		6A8760AFBB2AF320E1F34F7C /* Pods-ReactiveCocoaDemo-ReactiveCocoaDemoUITests.debug.xcconfig */ = {isa = PBXFileReference; includeInIndex = 1; lastKnownFileType = text.xcconfig; name = "Pods-ReactiveCocoaDemo-ReactiveCocoaDemoUITests.debug.xcconfig"; path = "Pods/Target Support Files/Pods-ReactiveCocoaDemo-ReactiveCocoaDemoUITests/Pods-ReactiveCocoaDemo-ReactiveCocoaDemoUITests.debug.xcconfig"; sourceTree = "<group>"; };
		9206507A885BC2C83D4C08FB /* Pods_ReactiveCocoaDemo.framework */ = {isa = PBXFileReference; explicitFileType = wrapper.framework; includeInIndex = 0; path = Pods_ReactiveCocoaDemo.framework; sourceTree = BUILT_PRODUCTS_DIR; };
		ABB9D5FC260E213605C15501 /* Pods-ReactiveCocoaDemo.debug.xcconfig */ = {isa = PBXFileReference; includeInIndex = 1; lastKnownFileType = text.xcconfig; name = "Pods-ReactiveCocoaDemo.debug.xcconfig"; path = "Pods/Target Support Files/Pods-ReactiveCocoaDemo/Pods-ReactiveCocoaDemo.debug.xcconfig"; sourceTree = "<group>"; };
		B02D0C01614E4FD6EB8CD442 /* Pods-ReactiveCocoaDemo.release.xcconfig */ = {isa = PBXFileReference; includeInIndex = 1; lastKnownFileType = text.xcconfig; name = "Pods-ReactiveCocoaDemo.release.xcconfig"; path = "Pods/Target Support Files/Pods-ReactiveCocoaDemo/Pods-ReactiveCocoaDemo.release.xcconfig"; sourceTree = "<group>"; };
		CC9C0EE77E390F3C2281DB53 /* Pods-ReactiveCocoaDemo-ReactiveCocoaDemoTests.debug.xcconfig */ = {isa = PBXFileReference; includeInIndex = 1; lastKnownFileType = text.xcconfig; name = "Pods-ReactiveCocoaDemo-ReactiveCocoaDemoTests.debug.xcconfig"; path = "Pods/Target Support Files/Pods-ReactiveCocoaDemo-ReactiveCocoaDemoTests/Pods-ReactiveCocoaDemo-ReactiveCocoaDemoTests.debug.xcconfig"; sourceTree = "<group>"; };
		F3ADF7D68909F9E7BBA007D6 /* Pods-ReactiveCocoaDemo-ReactiveCocoaDemoTests.release.xcconfig */ = {isa = PBXFileReference; includeInIndex = 1; lastKnownFileType = text.xcconfig; name = "Pods-ReactiveCocoaDemo-ReactiveCocoaDemoTests.release.xcconfig"; path = "Pods/Target Support Files/Pods-ReactiveCocoaDemo-ReactiveCocoaDemoTests/Pods-ReactiveCocoaDemo-ReactiveCocoaDemoTests.release.xcconfig"; sourceTree = "<group>"; };
/* End PBXFileReference section */

/* Begin PBXFrameworksBuildPhase section */
		261D0FD71FDE7FA700487F17 /* Frameworks */ = {
			isa = PBXFrameworksBuildPhase;
			buildActionMask = 2147483647;
			files = (
				BD97B1F077182992A96D49F0 /* Pods_ReactiveCocoaDemo.framework in Frameworks */,
			);
			runOnlyForDeploymentPostprocessing = 0;
		};
		261D0FEF1FDE7FA800487F17 /* Frameworks */ = {
			isa = PBXFrameworksBuildPhase;
			buildActionMask = 2147483647;
			files = (
				9D256B04417F60B73B06AB48 /* Pods_ReactiveCocoaDemo_ReactiveCocoaDemoTests.framework in Frameworks */,
			);
			runOnlyForDeploymentPostprocessing = 0;
		};
		261D0FFA1FDE7FA800487F17 /* Frameworks */ = {
			isa = PBXFrameworksBuildPhase;
			buildActionMask = 2147483647;
			files = (
				BF5AA7285AAA1DD080395B7E /* Pods_ReactiveCocoaDemo_ReactiveCocoaDemoUITests.framework in Frameworks */,
			);
			runOnlyForDeploymentPostprocessing = 0;
		};
/* End PBXFrameworksBuildPhase section */

/* Begin PBXGroup section */
		261D0FD11FDE7FA700487F17 = {
			isa = PBXGroup;
			children = (
				261D0FDC1FDE7FA700487F17 /* ReactiveCocoaDemo */,
				261D0FF51FDE7FA800487F17 /* ReactiveCocoaDemoTests */,
				261D10001FDE7FA800487F17 /* ReactiveCocoaDemoUITests */,
				261D0FDB1FDE7FA700487F17 /* Products */,
				4E10245363B089CD640A053F /* Pods */,
				289895532C613DB93192EE21 /* Frameworks */,
			);
			sourceTree = "<group>";
		};
		261D0FDB1FDE7FA700487F17 /* Products */ = {
			isa = PBXGroup;
			children = (
				261D0FDA1FDE7FA700487F17 /* ReactiveCocoaDemo.app */,
				261D0FF21FDE7FA800487F17 /* ReactiveCocoaDemoTests.xctest */,
				261D0FFD1FDE7FA800487F17 /* ReactiveCocoaDemoUITests.xctest */,
			);
			name = Products;
			sourceTree = "<group>";
		};
		261D0FDC1FDE7FA700487F17 /* ReactiveCocoaDemo */ = {
			isa = PBXGroup;
			children = (
				261D0FDD1FDE7FA700487F17 /* AppDelegate.h */,
				261D0FDE1FDE7FA700487F17 /* AppDelegate.m */,
				261D0FE01FDE7FA700487F17 /* ViewController.h */,
				261D0FE11FDE7FA700487F17 /* ViewController.m */,
				262F8C5D1FDFB04700D716BF /* Models */,
				262F8C601FDFB04700D716BF /* Others */,
				262F8C5F1FDFB04700D716BF /* Resources */,
				262F8C581FDFB04700D716BF /* Utils */,
				262F8C571FDFB04600D716BF /* Vendors */,
				262F8C5B1FDFB04700D716BF /* ViewControllers */,
				262F8C591FDFB04700D716BF /* ViewModels */,
				262F8C611FDFB07F00D716BF /* Views */,
				261D0FE31FDE7FA700487F17 /* Main.storyboard */,
				261D0FE61FDE7FA700487F17 /* Assets.xcassets */,
				261D0FE81FDE7FA700487F17 /* LaunchScreen.storyboard */,
				261D0FEB1FDE7FA700487F17 /* Info.plist */,
				261D0FEC1FDE7FA700487F17 /* main.m */,
				262F8C951FDFB5CE00D716BF /* ReactiveCocoaDemoPrefixHeader.pch */,
			);
			path = ReactiveCocoaDemo;
			sourceTree = "<group>";
		};
		261D0FF51FDE7FA800487F17 /* ReactiveCocoaDemoTests */ = {
			isa = PBXGroup;
			children = (
				261D0FF61FDE7FA800487F17 /* ReactiveCocoaDemoTests.m */,
				261D0FF81FDE7FA800487F17 /* Info.plist */,
			);
			path = ReactiveCocoaDemoTests;
			sourceTree = "<group>";
		};
		261D10001FDE7FA800487F17 /* ReactiveCocoaDemoUITests */ = {
			isa = PBXGroup;
			children = (
				261D10011FDE7FA800487F17 /* ReactiveCocoaDemoUITests.m */,
				261D10031FDE7FA800487F17 /* Info.plist */,
			);
			path = ReactiveCocoaDemoUITests;
			sourceTree = "<group>";
		};
		262F8C571FDFB04600D716BF /* Vendors */ = {
			isa = PBXGroup;
			children = (
			);
			path = Vendors;
			sourceTree = "<group>";
		};
		262F8C581FDFB04700D716BF /* Utils */ = {
			isa = PBXGroup;
			children = (
				262F8C921FDFB1B400D716BF /* ICEConstant.h */,
				262F8C931FDFB1B400D716BF /* ICEConstant.m */,
				264D9B2F1FE27B57008F8B7E /* ICEInline.h */,
				262F8CD71FDFDABE00D716BF /* UINavigationItem+ICEBackBarButtonItem.h */,
				262F8CD81FDFDABE00D716BF /* UINavigationItem+ICEBackBarButtonItem.m */,
				262F8CEB1FDFEE1900D716BF /* UIBarButtonItem+ICEExtension.h */,
				262F8CEC1FDFEE1900D716BF /* UIBarButtonItem+ICEExtension.m */,
				264D9B1F1FE252E0008F8B7E /* UIFont+ICEExtension.h */,
				264D9B201FE252E0008F8B7E /* UIFont+ICEExtension.m */,
				264D9B1C1FE2510C008F8B7E /* NSError+ICEExtension.h */,
				264D9B1D1FE2510C008F8B7E /* NSError+ICEExtension.m */,
				264D9B161FE23332008F8B7E /* ICEProgressHUD.h */,
				264D9B171FE23332008F8B7E /* ICEProgressHUD.m */,
				264D9B2C1FE25E56008F8B7E /* NSString+ICEValidation.h */,
				264D9B2D1FE25E56008F8B7E /* NSString+ICEValidation.m */,
			);
			path = Utils;
			sourceTree = "<group>";
		};
		262F8C591FDFB04700D716BF /* ViewModels */ = {
			isa = PBXGroup;
			children = (
				262F8C5A1FDFB04700D716BF /* BaseClass */,
				2673D91F1FE1274B008A4F30 /* ICELoginViewModel.h */,
				2673D9201FE1274B008A4F30 /* ICELoginViewModel.m */,
				264D9B131FE22F1E008F8B7E /* ICEGoodsViewModel.h */,
				264D9B141FE22F1E008F8B7E /* ICEGoodsViewModel.m */,
			);
			path = ViewModels;
			sourceTree = "<group>";
		};
		262F8C5A1FDFB04700D716BF /* BaseClass */ = {
			isa = PBXGroup;
			children = (
				262F8CDF1FDFDEB900D716BF /* ICEViewModel.h */,
				262F8CE01FDFDEB900D716BF /* ICEViewModel.m */,
				262F8CDD1FDFDDEA00D716BF /* ICENavigationProtocol.h */,
				262F8CDE1FDFDE4500D716BF /* ICEViewModelServices.h */,
				261F69EF1FE3B19400EB00C3 /* ICETableViewModel.h */,
				261F69F01FE3B19400EB00C3 /* ICETableViewModel.m */,
			);
			path = BaseClass;
			sourceTree = "<group>";
		};
		262F8C5B1FDFB04700D716BF /* ViewControllers */ = {
			isa = PBXGroup;
			children = (
				262F8C5C1FDFB04700D716BF /* BaseClass */,
				262F8CD41FDFC76500D716BF /* ICENavigationController.h */,
				262F8CD51FDFC76500D716BF /* ICENavigationController.m */,
				262F8CDA1FDFDD9F00D716BF /* ICENavigationControllerStack.h */,
				262F8CDB1FDFDD9F00D716BF /* ICENavigationControllerStack.m */,
				262F8CE51FDFE12F00D716BF /* ICEViewController.h */,
				262F8CE61FDFE12F00D716BF /* ICEViewController.m */,
				262F8CE21FDFE0CB00D716BF /* ICEViewControllerAnimatedTransition.h */,
				262F8CE31FDFE0CB00D716BF /* ICEViewControllerAnimatedTransition.m */,
				2654FD0B1FE0CBDB00E76731 /* ICELoginViewController.h */,
				2654FD0C1FE0CBDB00E76731 /* ICELoginViewController.m */,
				2654FD0E1FE0CC3300E76731 /* ICEGoodsViewController.h */,
				2654FD0F1FE0CC3300E76731 /* ICEGoodsViewController.m */,
			);
			path = ViewControllers;
			sourceTree = "<group>";
		};
		262F8C5C1FDFB04700D716BF /* BaseClass */ = {
			isa = PBXGroup;
			children = (
			);
			path = BaseClass;
			sourceTree = "<group>";
		};
		262F8C5D1FDFB04700D716BF /* Models */ = {
			isa = PBXGroup;
			children = (
				262F8C5E1FDFB04700D716BF /* BaseClass */,
			);
			path = Models;
			sourceTree = "<group>";
		};
		262F8C5E1FDFB04700D716BF /* BaseClass */ = {
			isa = PBXGroup;
			children = (
				261F69F21FE3BF4C00EB00C3 /* ICEModel.h */,
				261F69F31FE3BF4C00EB00C3 /* ICEModel.m */,
			);
			path = BaseClass;
			sourceTree = "<group>";
		};
		262F8C5F1FDFB04700D716BF /* Resources */ = {
			isa = PBXGroup;
			children = (
				262F8C621FDFB0CE00D716BF /* Data */,
			);
			path = Resources;
			sourceTree = "<group>";
		};
		262F8C601FDFB04700D716BF /* Others */ = {
			isa = PBXGroup;
			children = (
			);
			path = Others;
			sourceTree = "<group>";
		};
		262F8C611FDFB07F00D716BF /* Views */ = {
			isa = PBXGroup;
			children = (
			);
			path = Views;
			sourceTree = "<group>";
		};
		262F8C621FDFB0CE00D716BF /* Data */ = {
			isa = PBXGroup;
			children = (
				262F8C631FDFB0CE00D716BF /* SUGoodsData_17.data */,
				262F8C641FDFB0CE00D716BF /* SUGoodsData_5.data */,
				262F8C651FDFB0CE00D716BF /* SUGoodsData_9.data */,
				262F8C661FDFB0CE00D716BF /* SUGoodsData_20.data */,
				262F8C671FDFB0CE00D716BF /* SUGoodsData_8.data */,
				262F8C681FDFB0CE00D716BF /* SUGoodsData_4.data */,
				262F8C691FDFB0CE00D716BF /* SUGoodsData_16.data */,
				262F8C6A1FDFB0CE00D716BF /* SUGoodsData_11.data */,
				262F8C6B1FDFB0CE00D716BF /* SUGoodsData_3.data */,
				262F8C6C1FDFB0CE00D716BF /* SUGoodsData_2.data */,
				262F8C6D1FDFB0CE00D716BF /* SUGoodsData_10.data */,
				262F8C6E1FDFB0CE00D716BF /* SUBannerData.data */,
				262F8C6F1FDFB0CE00D716BF /* SUGoodsData_1.data */,
				262F8C701FDFB0CE00D716BF /* SUGoodsData_13.data */,
				262F8C711FDFB0CE00D716BF /* SUGoodsData_12.data */,
				262F8C721FDFB0CE00D716BF /* SUGoodsData_7.data */,
				262F8C731FDFB0CE00D716BF /* SUGoodsData_15.data */,
				262F8C741FDFB0CE00D716BF /* SUGoodsData_19.data */,
				262F8C751FDFB0CE00D716BF /* SUGoodsData_18.data */,
				262F8C761FDFB0CE00D716BF /* SUGoodsData_14.data */,
				262F8C771FDFB0CE00D716BF /* SUGoodsData_6.data */,
			);
			path = Data;
			sourceTree = "<group>";
		};
		289895532C613DB93192EE21 /* Frameworks */ = {
			isa = PBXGroup;
			children = (
				9206507A885BC2C83D4C08FB /* Pods_ReactiveCocoaDemo.framework */,
				610B44158436DCF52E7BCF14 /* Pods_ReactiveCocoaDemo_ReactiveCocoaDemoTests.framework */,
				5BAE6F6EE5AD71DDE6B92F5B /* Pods_ReactiveCocoaDemo_ReactiveCocoaDemoUITests.framework */,
			);
			name = Frameworks;
			sourceTree = "<group>";
		};
		4E10245363B089CD640A053F /* Pods */ = {
			isa = PBXGroup;
			children = (
				ABB9D5FC260E213605C15501 /* Pods-ReactiveCocoaDemo.debug.xcconfig */,
				B02D0C01614E4FD6EB8CD442 /* Pods-ReactiveCocoaDemo.release.xcconfig */,
				CC9C0EE77E390F3C2281DB53 /* Pods-ReactiveCocoaDemo-ReactiveCocoaDemoTests.debug.xcconfig */,
				F3ADF7D68909F9E7BBA007D6 /* Pods-ReactiveCocoaDemo-ReactiveCocoaDemoTests.release.xcconfig */,
				6A8760AFBB2AF320E1F34F7C /* Pods-ReactiveCocoaDemo-ReactiveCocoaDemoUITests.debug.xcconfig */,
				17461F601F1657138FB49CDF /* Pods-ReactiveCocoaDemo-ReactiveCocoaDemoUITests.release.xcconfig */,
			);
			name = Pods;
			sourceTree = "<group>";
		};
/* End PBXGroup section */

/* Begin PBXNativeTarget section */
		261D0FD91FDE7FA700487F17 /* ReactiveCocoaDemo */ = {
			isa = PBXNativeTarget;
			buildConfigurationList = 261D10061FDE7FA800487F17 /* Build configuration list for PBXNativeTarget "ReactiveCocoaDemo" */;
			buildPhases = (
				46A3C6C52F2ED6003FABD382 /* [CP] Check Pods Manifest.lock */,
				261D0FD61FDE7FA700487F17 /* Sources */,
				261D0FD71FDE7FA700487F17 /* Frameworks */,
				261D0FD81FDE7FA700487F17 /* Resources */,
				48FDE2C7A8E5E39B6E78D84D /* [CP] Embed Pods Frameworks */,
				57A2CEAC14A37DA28AAFAEB4 /* [CP] Copy Pods Resources */,
			);
			buildRules = (
			);
			dependencies = (
			);
			name = ReactiveCocoaDemo;
			productName = ReactiveCocoaDemo;
			productReference = 261D0FDA1FDE7FA700487F17 /* ReactiveCocoaDemo.app */;
			productType = "com.apple.product-type.application";
		};
		261D0FF11FDE7FA800487F17 /* ReactiveCocoaDemoTests */ = {
			isa = PBXNativeTarget;
			buildConfigurationList = 261D10091FDE7FA800487F17 /* Build configuration list for PBXNativeTarget "ReactiveCocoaDemoTests" */;
			buildPhases = (
				D75E39D28CE485458CB24A1E /* [CP] Check Pods Manifest.lock */,
				261D0FEE1FDE7FA800487F17 /* Sources */,
				261D0FEF1FDE7FA800487F17 /* Frameworks */,
				261D0FF01FDE7FA800487F17 /* Resources */,
				785E9902BE19A0983907F458 /* [CP] Embed Pods Frameworks */,
				F7F7C31EC169CD6C54B4CA9E /* [CP] Copy Pods Resources */,
			);
			buildRules = (
			);
			dependencies = (
				261D0FF41FDE7FA800487F17 /* PBXTargetDependency */,
			);
			name = ReactiveCocoaDemoTests;
			productName = ReactiveCocoaDemoTests;
			productReference = 261D0FF21FDE7FA800487F17 /* ReactiveCocoaDemoTests.xctest */;
			productType = "com.apple.product-type.bundle.unit-test";
		};
		261D0FFC1FDE7FA800487F17 /* ReactiveCocoaDemoUITests */ = {
			isa = PBXNativeTarget;
			buildConfigurationList = 261D100C1FDE7FA800487F17 /* Build configuration list for PBXNativeTarget "ReactiveCocoaDemoUITests" */;
			buildPhases = (
				F733DF90B373BE5FC3E66958 /* [CP] Check Pods Manifest.lock */,
				261D0FF91FDE7FA800487F17 /* Sources */,
				261D0FFA1FDE7FA800487F17 /* Frameworks */,
				261D0FFB1FDE7FA800487F17 /* Resources */,
				EE8C2723B5CF2DFEEB05C050 /* [CP] Embed Pods Frameworks */,
				75D1939F62CD5C49D66B515F /* [CP] Copy Pods Resources */,
			);
			buildRules = (
			);
			dependencies = (
				261D0FFF1FDE7FA800487F17 /* PBXTargetDependency */,
			);
			name = ReactiveCocoaDemoUITests;
			productName = ReactiveCocoaDemoUITests;
			productReference = 261D0FFD1FDE7FA800487F17 /* ReactiveCocoaDemoUITests.xctest */;
			productType = "com.apple.product-type.bundle.ui-testing";
		};
/* End PBXNativeTarget section */

/* Begin PBXProject section */
		261D0FD21FDE7FA700487F17 /* Project object */ = {
			isa = PBXProject;
			attributes = {
				CLASSPREFIX = ICE;
				LastUpgradeCheck = 0920;
				ORGANIZATIONNAME = iceWorks;
				TargetAttributes = {
					261D0FD91FDE7FA700487F17 = {
						CreatedOnToolsVersion = 9.2;
						ProvisioningStyle = Automatic;
					};
					261D0FF11FDE7FA800487F17 = {
						CreatedOnToolsVersion = 9.2;
						ProvisioningStyle = Automatic;
						TestTargetID = 261D0FD91FDE7FA700487F17;
					};
					261D0FFC1FDE7FA800487F17 = {
						CreatedOnToolsVersion = 9.2;
						ProvisioningStyle = Automatic;
						TestTargetID = 261D0FD91FDE7FA700487F17;
					};
				};
			};
			buildConfigurationList = 261D0FD51FDE7FA700487F17 /* Build configuration list for PBXProject "ReactiveCocoaDemo" */;
			compatibilityVersion = "Xcode 8.0";
			developmentRegion = en;
			hasScannedForEncodings = 0;
			knownRegions = (
				en,
				Base,
			);
			mainGroup = 261D0FD11FDE7FA700487F17;
			productRefGroup = 261D0FDB1FDE7FA700487F17 /* Products */;
			projectDirPath = "";
			projectRoot = "";
			targets = (
				261D0FD91FDE7FA700487F17 /* ReactiveCocoaDemo */,
				261D0FF11FDE7FA800487F17 /* ReactiveCocoaDemoTests */,
				261D0FFC1FDE7FA800487F17 /* ReactiveCocoaDemoUITests */,
			);
		};
/* End PBXProject section */

/* Begin PBXResourcesBuildPhase section */
		261D0FD81FDE7FA700487F17 /* Resources */ = {
			isa = PBXResourcesBuildPhase;
			buildActionMask = 2147483647;
			files = (
				262F8C8B1FDFB0CE00D716BF /* SUGoodsData_14.data in Resources */,
				262F8C891FDFB0CE00D716BF /* SUGoodsData_19.data in Resources */,
				262F8C781FDFB0CE00D716BF /* SUGoodsData_17.data in Resources */,
				262F8C7E1FDFB0CE00D716BF /* SUGoodsData_16.data in Resources */,
				262F8C801FDFB0CE00D716BF /* SUGoodsData_3.data in Resources */,
				262F8C8C1FDFB0CE00D716BF /* SUGoodsData_6.data in Resources */,
				262F8C791FDFB0CE00D716BF /* SUGoodsData_5.data in Resources */,
				262F8C831FDFB0CE00D716BF /* SUBannerData.data in Resources */,
				262F8C7A1FDFB0CE00D716BF /* SUGoodsData_9.data in Resources */,
				262F8C821FDFB0CE00D716BF /* SUGoodsData_10.data in Resources */,
				261D0FEA1FDE7FA700487F17 /* LaunchScreen.storyboard in Resources */,
				262F8C841FDFB0CE00D716BF /* SUGoodsData_1.data in Resources */,
				262F8C7B1FDFB0CE00D716BF /* SUGoodsData_20.data in Resources */,
				262F8C7F1FDFB0CE00D716BF /* SUGoodsData_11.data in Resources */,
				262F8C811FDFB0CE00D716BF /* SUGoodsData_2.data in Resources */,
				261D0FE71FDE7FA700487F17 /* Assets.xcassets in Resources */,
				262F8C871FDFB0CE00D716BF /* SUGoodsData_7.data in Resources */,
				262F8C7D1FDFB0CE00D716BF /* SUGoodsData_4.data in Resources */,
				261D0FE51FDE7FA700487F17 /* Main.storyboard in Resources */,
				262F8C8A1FDFB0CE00D716BF /* SUGoodsData_18.data in Resources */,
				262F8C861FDFB0CE00D716BF /* SUGoodsData_12.data in Resources */,
				262F8C851FDFB0CE00D716BF /* SUGoodsData_13.data in Resources */,
				262F8C881FDFB0CE00D716BF /* SUGoodsData_15.data in Resources */,
				262F8C7C1FDFB0CE00D716BF /* SUGoodsData_8.data in Resources */,
			);
			runOnlyForDeploymentPostprocessing = 0;
		};
		261D0FF01FDE7FA800487F17 /* Resources */ = {
			isa = PBXResourcesBuildPhase;
			buildActionMask = 2147483647;
			files = (
			);
			runOnlyForDeploymentPostprocessing = 0;
		};
		261D0FFB1FDE7FA800487F17 /* Resources */ = {
			isa = PBXResourcesBuildPhase;
			buildActionMask = 2147483647;
			files = (
			);
			runOnlyForDeploymentPostprocessing = 0;
		};
/* End PBXResourcesBuildPhase section */

/* Begin PBXShellScriptBuildPhase section */
		46A3C6C52F2ED6003FABD382 /* [CP] Check Pods Manifest.lock */ = {
			isa = PBXShellScriptBuildPhase;
			buildActionMask = 2147483647;
			files = (
			);
			inputPaths = (
				"${PODS_PODFILE_DIR_PATH}/Podfile.lock",
				"${PODS_ROOT}/Manifest.lock",
			);
			name = "[CP] Check Pods Manifest.lock";
			outputPaths = (
				"$(DERIVED_FILE_DIR)/Pods-ReactiveCocoaDemo-checkManifestLockResult.txt",
			);
			runOnlyForDeploymentPostprocessing = 0;
			shellPath = /bin/sh;
			shellScript = "diff \"${PODS_PODFILE_DIR_PATH}/Podfile.lock\" \"${PODS_ROOT}/Manifest.lock\" > /dev/null\nif [ $? != 0 ] ; then\n    # print error to STDERR\n    echo \"error: The sandbox is not in sync with the Podfile.lock. Run 'pod install' or update your CocoaPods installation.\" >&2\n    exit 1\nfi\n# This output is used by Xcode 'outputs' to avoid re-running this script phase.\necho \"SUCCESS\" > \"${SCRIPT_OUTPUT_FILE_0}\"\n";
			showEnvVarsInLog = 0;
		};
		48FDE2C7A8E5E39B6E78D84D /* [CP] Embed Pods Frameworks */ = {
			isa = PBXShellScriptBuildPhase;
			buildActionMask = 2147483647;
			files = (
			);
			inputPaths = (
				"${SRCROOT}/Pods/Target Support Files/Pods-ReactiveCocoaDemo/Pods-ReactiveCocoaDemo-frameworks.sh",
				"${BUILT_PRODUCTS_DIR}/AFNetworking/AFNetworking.framework",
				"${BUILT_PRODUCTS_DIR}/Colours/Colours.framework",
				"${BUILT_PRODUCTS_DIR}/FMDB/FMDB.framework",
				"${BUILT_PRODUCTS_DIR}/KVOController/KVOController.framework",
				"${BUILT_PRODUCTS_DIR}/MBProgressHUD/MBProgressHUD.framework",
				"${BUILT_PRODUCTS_DIR}/MJExtension/MJExtension.framework",
				"${BUILT_PRODUCTS_DIR}/MJRefresh/MJRefresh.framework",
				"${BUILT_PRODUCTS_DIR}/Masonry/Masonry.framework",
				"${BUILT_PRODUCTS_DIR}/ReactiveObjC/ReactiveObjC.framework",
				"${BUILT_PRODUCTS_DIR}/SDWebImage/SDWebImage.framework",
				"${BUILT_PRODUCTS_DIR}/YYKit/YYKit.framework",
			);
			name = "[CP] Embed Pods Frameworks";
			outputPaths = (
				"${TARGET_BUILD_DIR}/${FRAMEWORKS_FOLDER_PATH}/AFNetworking.framework",
				"${TARGET_BUILD_DIR}/${FRAMEWORKS_FOLDER_PATH}/Colours.framework",
				"${TARGET_BUILD_DIR}/${FRAMEWORKS_FOLDER_PATH}/FMDB.framework",
				"${TARGET_BUILD_DIR}/${FRAMEWORKS_FOLDER_PATH}/KVOController.framework",
				"${TARGET_BUILD_DIR}/${FRAMEWORKS_FOLDER_PATH}/MBProgressHUD.framework",
				"${TARGET_BUILD_DIR}/${FRAMEWORKS_FOLDER_PATH}/MJExtension.framework",
				"${TARGET_BUILD_DIR}/${FRAMEWORKS_FOLDER_PATH}/MJRefresh.framework",
				"${TARGET_BUILD_DIR}/${FRAMEWORKS_FOLDER_PATH}/Masonry.framework",
				"${TARGET_BUILD_DIR}/${FRAMEWORKS_FOLDER_PATH}/ReactiveObjC.framework",
				"${TARGET_BUILD_DIR}/${FRAMEWORKS_FOLDER_PATH}/SDWebImage.framework",
				"${TARGET_BUILD_DIR}/${FRAMEWORKS_FOLDER_PATH}/YYKit.framework",
			);
			runOnlyForDeploymentPostprocessing = 0;
			shellPath = /bin/sh;
			shellScript = "\"${SRCROOT}/Pods/Target Support Files/Pods-ReactiveCocoaDemo/Pods-ReactiveCocoaDemo-frameworks.sh\"\n";
			showEnvVarsInLog = 0;
		};
		57A2CEAC14A37DA28AAFAEB4 /* [CP] Copy Pods Resources */ = {
			isa = PBXShellScriptBuildPhase;
			buildActionMask = 2147483647;
			files = (
			);
			inputPaths = (
			);
			name = "[CP] Copy Pods Resources";
			outputPaths = (
			);
			runOnlyForDeploymentPostprocessing = 0;
			shellPath = /bin/sh;
			shellScript = "\"${SRCROOT}/Pods/Target Support Files/Pods-ReactiveCocoaDemo/Pods-ReactiveCocoaDemo-resources.sh\"\n";
			showEnvVarsInLog = 0;
		};
		75D1939F62CD5C49D66B515F /* [CP] Copy Pods Resources */ = {
			isa = PBXShellScriptBuildPhase;
			buildActionMask = 2147483647;
			files = (
			);
			inputPaths = (
			);
			name = "[CP] Copy Pods Resources";
			outputPaths = (
			);
			runOnlyForDeploymentPostprocessing = 0;
			shellPath = /bin/sh;
			shellScript = "\"${SRCROOT}/Pods/Target Support Files/Pods-ReactiveCocoaDemo-ReactiveCocoaDemoUITests/Pods-ReactiveCocoaDemo-ReactiveCocoaDemoUITests-resources.sh\"\n";
			showEnvVarsInLog = 0;
		};
		785E9902BE19A0983907F458 /* [CP] Embed Pods Frameworks */ = {
			isa = PBXShellScriptBuildPhase;
			buildActionMask = 2147483647;
			files = (
			);
			inputPaths = (
				"${SRCROOT}/Pods/Target Support Files/Pods-ReactiveCocoaDemo-ReactiveCocoaDemoTests/Pods-ReactiveCocoaDemo-ReactiveCocoaDemoTests-frameworks.sh",
				"${BUILT_PRODUCTS_DIR}/AFNetworking/AFNetworking.framework",
				"${BUILT_PRODUCTS_DIR}/Colours/Colours.framework",
				"${BUILT_PRODUCTS_DIR}/FMDB/FMDB.framework",
				"${BUILT_PRODUCTS_DIR}/KVOController/KVOController.framework",
				"${BUILT_PRODUCTS_DIR}/MBProgressHUD/MBProgressHUD.framework",
				"${BUILT_PRODUCTS_DIR}/MJExtension/MJExtension.framework",
				"${BUILT_PRODUCTS_DIR}/MJRefresh/MJRefresh.framework",
				"${BUILT_PRODUCTS_DIR}/Masonry/Masonry.framework",
				"${BUILT_PRODUCTS_DIR}/ReactiveObjC/ReactiveObjC.framework",
				"${BUILT_PRODUCTS_DIR}/SDWebImage/SDWebImage.framework",
				"${BUILT_PRODUCTS_DIR}/YYKit/YYKit.framework",
			);
			name = "[CP] Embed Pods Frameworks";
			outputPaths = (
				"${TARGET_BUILD_DIR}/${FRAMEWORKS_FOLDER_PATH}/AFNetworking.framework",
				"${TARGET_BUILD_DIR}/${FRAMEWORKS_FOLDER_PATH}/Colours.framework",
				"${TARGET_BUILD_DIR}/${FRAMEWORKS_FOLDER_PATH}/FMDB.framework",
				"${TARGET_BUILD_DIR}/${FRAMEWORKS_FOLDER_PATH}/KVOController.framework",
				"${TARGET_BUILD_DIR}/${FRAMEWORKS_FOLDER_PATH}/MBProgressHUD.framework",
				"${TARGET_BUILD_DIR}/${FRAMEWORKS_FOLDER_PATH}/MJExtension.framework",
				"${TARGET_BUILD_DIR}/${FRAMEWORKS_FOLDER_PATH}/MJRefresh.framework",
				"${TARGET_BUILD_DIR}/${FRAMEWORKS_FOLDER_PATH}/Masonry.framework",
				"${TARGET_BUILD_DIR}/${FRAMEWORKS_FOLDER_PATH}/ReactiveObjC.framework",
				"${TARGET_BUILD_DIR}/${FRAMEWORKS_FOLDER_PATH}/SDWebImage.framework",
				"${TARGET_BUILD_DIR}/${FRAMEWORKS_FOLDER_PATH}/YYKit.framework",
			);
			runOnlyForDeploymentPostprocessing = 0;
			shellPath = /bin/sh;
			shellScript = "\"${SRCROOT}/Pods/Target Support Files/Pods-ReactiveCocoaDemo-ReactiveCocoaDemoTests/Pods-ReactiveCocoaDemo-ReactiveCocoaDemoTests-frameworks.sh\"\n";
			showEnvVarsInLog = 0;
		};
		D75E39D28CE485458CB24A1E /* [CP] Check Pods Manifest.lock */ = {
			isa = PBXShellScriptBuildPhase;
			buildActionMask = 2147483647;
			files = (
			);
			inputPaths = (
				"${PODS_PODFILE_DIR_PATH}/Podfile.lock",
				"${PODS_ROOT}/Manifest.lock",
			);
			name = "[CP] Check Pods Manifest.lock";
			outputPaths = (
				"$(DERIVED_FILE_DIR)/Pods-ReactiveCocoaDemo-ReactiveCocoaDemoTests-checkManifestLockResult.txt",
			);
			runOnlyForDeploymentPostprocessing = 0;
			shellPath = /bin/sh;
			shellScript = "diff \"${PODS_PODFILE_DIR_PATH}/Podfile.lock\" \"${PODS_ROOT}/Manifest.lock\" > /dev/null\nif [ $? != 0 ] ; then\n    # print error to STDERR\n    echo \"error: The sandbox is not in sync with the Podfile.lock. Run 'pod install' or update your CocoaPods installation.\" >&2\n    exit 1\nfi\n# This output is used by Xcode 'outputs' to avoid re-running this script phase.\necho \"SUCCESS\" > \"${SCRIPT_OUTPUT_FILE_0}\"\n";
			showEnvVarsInLog = 0;
		};
		EE8C2723B5CF2DFEEB05C050 /* [CP] Embed Pods Frameworks */ = {
			isa = PBXShellScriptBuildPhase;
			buildActionMask = 2147483647;
			files = (
			);
			inputPaths = (
				"${SRCROOT}/Pods/Target Support Files/Pods-ReactiveCocoaDemo-ReactiveCocoaDemoUITests/Pods-ReactiveCocoaDemo-ReactiveCocoaDemoUITests-frameworks.sh",
				"${BUILT_PRODUCTS_DIR}/AFNetworking/AFNetworking.framework",
				"${BUILT_PRODUCTS_DIR}/Colours/Colours.framework",
				"${BUILT_PRODUCTS_DIR}/FMDB/FMDB.framework",
				"${BUILT_PRODUCTS_DIR}/KVOController/KVOController.framework",
				"${BUILT_PRODUCTS_DIR}/MBProgressHUD/MBProgressHUD.framework",
				"${BUILT_PRODUCTS_DIR}/MJExtension/MJExtension.framework",
				"${BUILT_PRODUCTS_DIR}/MJRefresh/MJRefresh.framework",
				"${BUILT_PRODUCTS_DIR}/Masonry/Masonry.framework",
				"${BUILT_PRODUCTS_DIR}/ReactiveObjC/ReactiveObjC.framework",
				"${BUILT_PRODUCTS_DIR}/SDWebImage/SDWebImage.framework",
				"${BUILT_PRODUCTS_DIR}/YYKit/YYKit.framework",
			);
			name = "[CP] Embed Pods Frameworks";
			outputPaths = (
				"${TARGET_BUILD_DIR}/${FRAMEWORKS_FOLDER_PATH}/AFNetworking.framework",
				"${TARGET_BUILD_DIR}/${FRAMEWORKS_FOLDER_PATH}/Colours.framework",
				"${TARGET_BUILD_DIR}/${FRAMEWORKS_FOLDER_PATH}/FMDB.framework",
				"${TARGET_BUILD_DIR}/${FRAMEWORKS_FOLDER_PATH}/KVOController.framework",
				"${TARGET_BUILD_DIR}/${FRAMEWORKS_FOLDER_PATH}/MBProgressHUD.framework",
				"${TARGET_BUILD_DIR}/${FRAMEWORKS_FOLDER_PATH}/MJExtension.framework",
				"${TARGET_BUILD_DIR}/${FRAMEWORKS_FOLDER_PATH}/MJRefresh.framework",
				"${TARGET_BUILD_DIR}/${FRAMEWORKS_FOLDER_PATH}/Masonry.framework",
				"${TARGET_BUILD_DIR}/${FRAMEWORKS_FOLDER_PATH}/ReactiveObjC.framework",
				"${TARGET_BUILD_DIR}/${FRAMEWORKS_FOLDER_PATH}/SDWebImage.framework",
				"${TARGET_BUILD_DIR}/${FRAMEWORKS_FOLDER_PATH}/YYKit.framework",
			);
			runOnlyForDeploymentPostprocessing = 0;
			shellPath = /bin/sh;
			shellScript = "\"${SRCROOT}/Pods/Target Support Files/Pods-ReactiveCocoaDemo-ReactiveCocoaDemoUITests/Pods-ReactiveCocoaDemo-ReactiveCocoaDemoUITests-frameworks.sh\"\n";
			showEnvVarsInLog = 0;
		};
		F733DF90B373BE5FC3E66958 /* [CP] Check Pods Manifest.lock */ = {
			isa = PBXShellScriptBuildPhase;
			buildActionMask = 2147483647;
			files = (
			);
			inputPaths = (
				"${PODS_PODFILE_DIR_PATH}/Podfile.lock",
				"${PODS_ROOT}/Manifest.lock",
			);
			name = "[CP] Check Pods Manifest.lock";
			outputPaths = (
				"$(DERIVED_FILE_DIR)/Pods-ReactiveCocoaDemo-ReactiveCocoaDemoUITests-checkManifestLockResult.txt",
			);
			runOnlyForDeploymentPostprocessing = 0;
			shellPath = /bin/sh;
			shellScript = "diff \"${PODS_PODFILE_DIR_PATH}/Podfile.lock\" \"${PODS_ROOT}/Manifest.lock\" > /dev/null\nif [ $? != 0 ] ; then\n    # print error to STDERR\n    echo \"error: The sandbox is not in sync with the Podfile.lock. Run 'pod install' or update your CocoaPods installation.\" >&2\n    exit 1\nfi\n# This output is used by Xcode 'outputs' to avoid re-running this script phase.\necho \"SUCCESS\" > \"${SCRIPT_OUTPUT_FILE_0}\"\n";
			showEnvVarsInLog = 0;
		};
		F7F7C31EC169CD6C54B4CA9E /* [CP] Copy Pods Resources */ = {
			isa = PBXShellScriptBuildPhase;
			buildActionMask = 2147483647;
			files = (
			);
			inputPaths = (
			);
			name = "[CP] Copy Pods Resources";
			outputPaths = (
			);
			runOnlyForDeploymentPostprocessing = 0;
			shellPath = /bin/sh;
			shellScript = "\"${SRCROOT}/Pods/Target Support Files/Pods-ReactiveCocoaDemo-ReactiveCocoaDemoTests/Pods-ReactiveCocoaDemo-ReactiveCocoaDemoTests-resources.sh\"\n";
			showEnvVarsInLog = 0;
		};
/* End PBXShellScriptBuildPhase section */

/* Begin PBXSourcesBuildPhase section */
		261D0FD61FDE7FA700487F17 /* Sources */ = {
			isa = PBXSourcesBuildPhase;
			buildActionMask = 2147483647;
			files = (
				2654FD0D1FE0CBDB00E76731 /* ICELoginViewController.m in Sources */,
				262F8CED1FDFEE1900D716BF /* UIBarButtonItem+ICEExtension.m in Sources */,
				264D9B2E1FE25E56008F8B7E /* NSString+ICEValidation.m in Sources */,
				264D9B181FE23332008F8B7E /* ICEProgressHUD.m in Sources */,
				264D9B1E1FE2510C008F8B7E /* NSError+ICEExtension.m in Sources */,
				264D9B211FE252E0008F8B7E /* UIFont+ICEExtension.m in Sources */,
				262F8CDC1FDFDD9F00D716BF /* ICENavigationControllerStack.m in Sources */,
				261D0FE21FDE7FA700487F17 /* ViewController.m in Sources */,
				261F69F41FE3BF4C00EB00C3 /* ICEModel.m in Sources */,
				2673D9211FE1274B008A4F30 /* ICELoginViewModel.m in Sources */,
				262F8CD61FDFC76500D716BF /* ICENavigationController.m in Sources */,
				261D0FED1FDE7FA700487F17 /* main.m in Sources */,
				261F69F11FE3B19400EB00C3 /* ICETableViewModel.m in Sources */,
				2654FD101FE0CC3300E76731 /* ICEGoodsViewController.m in Sources */,
				262F8CE71FDFE12F00D716BF /* ICEViewController.m in Sources */,
				262F8CE41FDFE0CB00D716BF /* ICEViewControllerAnimatedTransition.m in Sources */,
				261D0FDF1FDE7FA700487F17 /* AppDelegate.m in Sources */,
				262F8CD91FDFDABE00D716BF /* UINavigationItem+ICEBackBarButtonItem.m in Sources */,
				264D9B151FE22F1E008F8B7E /* ICEGoodsViewModel.m in Sources */,
				262F8CE11FDFDEB900D716BF /* ICEViewModel.m in Sources */,
				262F8C941FDFB1B400D716BF /* ICEConstant.m in Sources */,
			);
			runOnlyForDeploymentPostprocessing = 0;
		};
		261D0FEE1FDE7FA800487F17 /* Sources */ = {
			isa = PBXSourcesBuildPhase;
			buildActionMask = 2147483647;
			files = (
				261D0FF71FDE7FA800487F17 /* ReactiveCocoaDemoTests.m in Sources */,
			);
			runOnlyForDeploymentPostprocessing = 0;
		};
		261D0FF91FDE7FA800487F17 /* Sources */ = {
			isa = PBXSourcesBuildPhase;
			buildActionMask = 2147483647;
			files = (
				261D10021FDE7FA800487F17 /* ReactiveCocoaDemoUITests.m in Sources */,
			);
			runOnlyForDeploymentPostprocessing = 0;
		};
/* End PBXSourcesBuildPhase section */

/* Begin PBXTargetDependency section */
		261D0FF41FDE7FA800487F17 /* PBXTargetDependency */ = {
			isa = PBXTargetDependency;
			target = 261D0FD91FDE7FA700487F17 /* ReactiveCocoaDemo */;
			targetProxy = 261D0FF31FDE7FA800487F17 /* PBXContainerItemProxy */;
		};
		261D0FFF1FDE7FA800487F17 /* PBXTargetDependency */ = {
			isa = PBXTargetDependency;
			target = 261D0FD91FDE7FA700487F17 /* ReactiveCocoaDemo */;
			targetProxy = 261D0FFE1FDE7FA800487F17 /* PBXContainerItemProxy */;
		};
/* End PBXTargetDependency section */

/* Begin PBXVariantGroup section */
		261D0FE31FDE7FA700487F17 /* Main.storyboard */ = {
			isa = PBXVariantGroup;
			children = (
				261D0FE41FDE7FA700487F17 /* Base */,
			);
			name = Main.storyboard;
			sourceTree = "<group>";
		};
		261D0FE81FDE7FA700487F17 /* LaunchScreen.storyboard */ = {
			isa = PBXVariantGroup;
			children = (
				261D0FE91FDE7FA700487F17 /* Base */,
			);
			name = LaunchScreen.storyboard;
			sourceTree = "<group>";
		};
/* End PBXVariantGroup section */

/* Begin XCBuildConfiguration section */
		261D10041FDE7FA800487F17 /* Debug */ = {
			isa = XCBuildConfiguration;
			buildSettings = {
				ALWAYS_SEARCH_USER_PATHS = NO;
				CLANG_ANALYZER_NONNULL = YES;
				CLANG_ANALYZER_NUMBER_OBJECT_CONVERSION = YES_AGGRESSIVE;
				CLANG_CXX_LANGUAGE_STANDARD = "gnu++14";
				CLANG_CXX_LIBRARY = "libc++";
				CLANG_ENABLE_MODULES = YES;
				CLANG_ENABLE_OBJC_ARC = YES;
				CLANG_WARN_BLOCK_CAPTURE_AUTORELEASING = YES;
				CLANG_WARN_BOOL_CONVERSION = YES;
				CLANG_WARN_COMMA = YES;
				CLANG_WARN_CONSTANT_CONVERSION = YES;
				CLANG_WARN_DIRECT_OBJC_ISA_USAGE = YES_ERROR;
				CLANG_WARN_DOCUMENTATION_COMMENTS = YES;
				CLANG_WARN_EMPTY_BODY = YES;
				CLANG_WARN_ENUM_CONVERSION = YES;
				CLANG_WARN_INFINITE_RECURSION = YES;
				CLANG_WARN_INT_CONVERSION = YES;
				CLANG_WARN_NON_LITERAL_NULL_CONVERSION = YES;
				CLANG_WARN_OBJC_LITERAL_CONVERSION = YES;
				CLANG_WARN_OBJC_ROOT_CLASS = YES_ERROR;
				CLANG_WARN_RANGE_LOOP_ANALYSIS = YES;
				CLANG_WARN_STRICT_PROTOTYPES = YES;
				CLANG_WARN_SUSPICIOUS_MOVE = YES;
				CLANG_WARN_UNGUARDED_AVAILABILITY = YES_AGGRESSIVE;
				CLANG_WARN_UNREACHABLE_CODE = YES;
				CLANG_WARN__DUPLICATE_METHOD_MATCH = YES;
				CODE_SIGN_IDENTITY = "iPhone Developer";
				COPY_PHASE_STRIP = NO;
				DEBUG_INFORMATION_FORMAT = dwarf;
				ENABLE_STRICT_OBJC_MSGSEND = YES;
				ENABLE_TESTABILITY = YES;
				GCC_C_LANGUAGE_STANDARD = gnu11;
				GCC_DYNAMIC_NO_PIC = NO;
				GCC_NO_COMMON_BLOCKS = YES;
				GCC_OPTIMIZATION_LEVEL = 0;
				GCC_PREPROCESSOR_DEFINITIONS = (
					"DEBUG=1",
					"$(inherited)",
				);
				GCC_WARN_64_TO_32_BIT_CONVERSION = YES;
				GCC_WARN_ABOUT_RETURN_TYPE = YES_ERROR;
				GCC_WARN_UNDECLARED_SELECTOR = YES;
				GCC_WARN_UNINITIALIZED_AUTOS = YES_AGGRESSIVE;
				GCC_WARN_UNUSED_FUNCTION = YES;
				GCC_WARN_UNUSED_VARIABLE = YES;
				IPHONEOS_DEPLOYMENT_TARGET = 11.2;
				MTL_ENABLE_DEBUG_INFO = YES;
				ONLY_ACTIVE_ARCH = YES;
				SDKROOT = iphoneos;
			};
			name = Debug;
		};
		261D10051FDE7FA800487F17 /* Release */ = {
			isa = XCBuildConfiguration;
			buildSettings = {
				ALWAYS_SEARCH_USER_PATHS = NO;
				CLANG_ANALYZER_NONNULL = YES;
				CLANG_ANALYZER_NUMBER_OBJECT_CONVERSION = YES_AGGRESSIVE;
				CLANG_CXX_LANGUAGE_STANDARD = "gnu++14";
				CLANG_CXX_LIBRARY = "libc++";
				CLANG_ENABLE_MODULES = YES;
				CLANG_ENABLE_OBJC_ARC = YES;
				CLANG_WARN_BLOCK_CAPTURE_AUTORELEASING = YES;
				CLANG_WARN_BOOL_CONVERSION = YES;
				CLANG_WARN_COMMA = YES;
				CLANG_WARN_CONSTANT_CONVERSION = YES;
				CLANG_WARN_DIRECT_OBJC_ISA_USAGE = YES_ERROR;
				CLANG_WARN_DOCUMENTATION_COMMENTS = YES;
				CLANG_WARN_EMPTY_BODY = YES;
				CLANG_WARN_ENUM_CONVERSION = YES;
				CLANG_WARN_INFINITE_RECURSION = YES;
				CLANG_WARN_INT_CONVERSION = YES;
				CLANG_WARN_NON_LITERAL_NULL_CONVERSION = YES;
				CLANG_WARN_OBJC_LITERAL_CONVERSION = YES;
				CLANG_WARN_OBJC_ROOT_CLASS = YES_ERROR;
				CLANG_WARN_RANGE_LOOP_ANALYSIS = YES;
				CLANG_WARN_STRICT_PROTOTYPES = YES;
				CLANG_WARN_SUSPICIOUS_MOVE = YES;
				CLANG_WARN_UNGUARDED_AVAILABILITY = YES_AGGRESSIVE;
				CLANG_WARN_UNREACHABLE_CODE = YES;
				CLANG_WARN__DUPLICATE_METHOD_MATCH = YES;
				CODE_SIGN_IDENTITY = "iPhone Developer";
				COPY_PHASE_STRIP = NO;
				DEBUG_INFORMATION_FORMAT = "dwarf-with-dsym";
				ENABLE_NS_ASSERTIONS = NO;
				ENABLE_STRICT_OBJC_MSGSEND = YES;
				GCC_C_LANGUAGE_STANDARD = gnu11;
				GCC_NO_COMMON_BLOCKS = YES;
				GCC_WARN_64_TO_32_BIT_CONVERSION = YES;
				GCC_WARN_ABOUT_RETURN_TYPE = YES_ERROR;
				GCC_WARN_UNDECLARED_SELECTOR = YES;
				GCC_WARN_UNINITIALIZED_AUTOS = YES_AGGRESSIVE;
				GCC_WARN_UNUSED_FUNCTION = YES;
				GCC_WARN_UNUSED_VARIABLE = YES;
				IPHONEOS_DEPLOYMENT_TARGET = 11.2;
				MTL_ENABLE_DEBUG_INFO = NO;
				SDKROOT = iphoneos;
				VALIDATE_PRODUCT = YES;
			};
			name = Release;
		};
		261D10071FDE7FA800487F17 /* Debug */ = {
			isa = XCBuildConfiguration;
			baseConfigurationReference = ABB9D5FC260E213605C15501 /* Pods-ReactiveCocoaDemo.debug.xcconfig */;
			buildSettings = {
				ASSETCATALOG_COMPILER_APPICON_NAME = AppIcon;
				CLANG_ENABLE_MODULES = YES;
				CODE_SIGN_STYLE = Automatic;
				DEVELOPMENT_TEAM = B58GW3GPZ4;
				GCC_PREFIX_HEADER = "$(PRODUCT_NAME)/ReactiveCocoaDemoPrefixHeader.pch";
				INFOPLIST_FILE = ReactiveCocoaDemo/Info.plist;
				IPHONEOS_DEPLOYMENT_TARGET = 8.0;
				LD_RUNPATH_SEARCH_PATHS = "$(inherited) @executable_path/Frameworks";
				PRODUCT_BUNDLE_IDENTIFIER = com.iceworks.ReactiveCocoaDemo;
				PRODUCT_NAME = "$(TARGET_NAME)";
				TARGETED_DEVICE_FAMILY = "1,2";
			};
			name = Debug;
		};
		261D10081FDE7FA800487F17 /* Release */ = {
			isa = XCBuildConfiguration;
			baseConfigurationReference = B02D0C01614E4FD6EB8CD442 /* Pods-ReactiveCocoaDemo.release.xcconfig */;
			buildSettings = {
				ASSETCATALOG_COMPILER_APPICON_NAME = AppIcon;
				CLANG_ENABLE_MODULES = YES;
				CODE_SIGN_STYLE = Automatic;
				DEVELOPMENT_TEAM = B58GW3GPZ4;
				GCC_PREFIX_HEADER = "$(PRODUCT_NAME)/ReactiveCocoaDemoPrefixHeader.pch";
				INFOPLIST_FILE = ReactiveCocoaDemo/Info.plist;
				IPHONEOS_DEPLOYMENT_TARGET = 8.0;
				LD_RUNPATH_SEARCH_PATHS = "$(inherited) @executable_path/Frameworks";
				PRODUCT_BUNDLE_IDENTIFIER = com.iceworks.ReactiveCocoaDemo;
				PRODUCT_NAME = "$(TARGET_NAME)";
				TARGETED_DEVICE_FAMILY = "1,2";
			};
			name = Release;
		};
		261D100A1FDE7FA800487F17 /* Debug */ = {
			isa = XCBuildConfiguration;
			baseConfigurationReference = CC9C0EE77E390F3C2281DB53 /* Pods-ReactiveCocoaDemo-ReactiveCocoaDemoTests.debug.xcconfig */;
			buildSettings = {
				BUNDLE_LOADER = "$(TEST_HOST)";
				CODE_SIGN_STYLE = Automatic;
				INFOPLIST_FILE = ReactiveCocoaDemoTests/Info.plist;
				LD_RUNPATH_SEARCH_PATHS = "$(inherited) @executable_path/Frameworks @loader_path/Frameworks";
				PRODUCT_BUNDLE_IDENTIFIER = com.iceworks.ReactiveCocoaDemoTests;
				PRODUCT_NAME = "$(TARGET_NAME)";
				TARGETED_DEVICE_FAMILY = "1,2";
				TEST_HOST = "$(BUILT_PRODUCTS_DIR)/ReactiveCocoaDemo.app/ReactiveCocoaDemo";
			};
			name = Debug;
		};
		261D100B1FDE7FA800487F17 /* Release */ = {
			isa = XCBuildConfiguration;
			baseConfigurationReference = F3ADF7D68909F9E7BBA007D6 /* Pods-ReactiveCocoaDemo-ReactiveCocoaDemoTests.release.xcconfig */;
			buildSettings = {
				BUNDLE_LOADER = "$(TEST_HOST)";
				CODE_SIGN_STYLE = Automatic;
				INFOPLIST_FILE = ReactiveCocoaDemoTests/Info.plist;
				LD_RUNPATH_SEARCH_PATHS = "$(inherited) @executable_path/Frameworks @loader_path/Frameworks";
				PRODUCT_BUNDLE_IDENTIFIER = com.iceworks.ReactiveCocoaDemoTests;
				PRODUCT_NAME = "$(TARGET_NAME)";
				TARGETED_DEVICE_FAMILY = "1,2";
				TEST_HOST = "$(BUILT_PRODUCTS_DIR)/ReactiveCocoaDemo.app/ReactiveCocoaDemo";
			};
			name = Release;
		};
		261D100D1FDE7FA800487F17 /* Debug */ = {
			isa = XCBuildConfiguration;
			baseConfigurationReference = 6A8760AFBB2AF320E1F34F7C /* Pods-ReactiveCocoaDemo-ReactiveCocoaDemoUITests.debug.xcconfig */;
			buildSettings = {
				CODE_SIGN_STYLE = Automatic;
				INFOPLIST_FILE = ReactiveCocoaDemoUITests/Info.plist;
				LD_RUNPATH_SEARCH_PATHS = "$(inherited) @executable_path/Frameworks @loader_path/Frameworks";
				PRODUCT_BUNDLE_IDENTIFIER = com.iceworks.ReactiveCocoaDemoUITests;
				PRODUCT_NAME = "$(TARGET_NAME)";
				TARGETED_DEVICE_FAMILY = "1,2";
				TEST_TARGET_NAME = ReactiveCocoaDemo;
			};
			name = Debug;
		};
		261D100E1FDE7FA800487F17 /* Release */ = {
			isa = XCBuildConfiguration;
			baseConfigurationReference = 17461F601F1657138FB49CDF /* Pods-ReactiveCocoaDemo-ReactiveCocoaDemoUITests.release.xcconfig */;
			buildSettings = {
				CODE_SIGN_STYLE = Automatic;
				INFOPLIST_FILE = ReactiveCocoaDemoUITests/Info.plist;
				LD_RUNPATH_SEARCH_PATHS = "$(inherited) @executable_path/Frameworks @loader_path/Frameworks";
				PRODUCT_BUNDLE_IDENTIFIER = com.iceworks.ReactiveCocoaDemoUITests;
				PRODUCT_NAME = "$(TARGET_NAME)";
				TARGETED_DEVICE_FAMILY = "1,2";
				TEST_TARGET_NAME = ReactiveCocoaDemo;
			};
			name = Release;
		};
/* End XCBuildConfiguration section */

/* Begin XCConfigurationList section */
		261D0FD51FDE7FA700487F17 /* Build configuration list for PBXProject "ReactiveCocoaDemo" */ = {
			isa = XCConfigurationList;
			buildConfigurations = (
				261D10041FDE7FA800487F17 /* Debug */,
				261D10051FDE7FA800487F17 /* Release */,
			);
			defaultConfigurationIsVisible = 0;
			defaultConfigurationName = Release;
		};
		261D10061FDE7FA800487F17 /* Build configuration list for PBXNativeTarget "ReactiveCocoaDemo" */ = {
			isa = XCConfigurationList;
			buildConfigurations = (
				261D10071FDE7FA800487F17 /* Debug */,
				261D10081FDE7FA800487F17 /* Release */,
			);
			defaultConfigurationIsVisible = 0;
			defaultConfigurationName = Release;
		};
		261D10091FDE7FA800487F17 /* Build configuration list for PBXNativeTarget "ReactiveCocoaDemoTests" */ = {
			isa = XCConfigurationList;
			buildConfigurations = (
				261D100A1FDE7FA800487F17 /* Debug */,
				261D100B1FDE7FA800487F17 /* Release */,
			);
			defaultConfigurationIsVisible = 0;
			defaultConfigurationName = Release;
		};
		261D100C1FDE7FA800487F17 /* Build configuration list for PBXNativeTarget "ReactiveCocoaDemoUITests" */ = {
			isa = XCConfigurationList;
			buildConfigurations = (
				261D100D1FDE7FA800487F17 /* Debug */,
				261D100E1FDE7FA800487F17 /* Release */,
			);
			defaultConfigurationIsVisible = 0;
			defaultConfigurationName = Release;
		};
/* End XCConfigurationList section */
	};
	rootObject = 261D0FD21FDE7FA700487F17 /* Project object */;
}
