// !$*UTF8*$!
{
	archiveVersion = 1;
	classes = {
	};
	objectVersion = 48;
	objects = {

/* Begin PBXBuildFile section */
		261D0FDF1FDE7FA700487F17 /* AppDelegate.m in Sources */ = {isa = PBXBuildFile; fileRef = 261D0FDE1FDE7FA700487F17 /* AppDelegate.m */; };
		261D0FE21FDE7FA700487F17 /* ViewController.m in Sources */ = {isa = PBXBuildFile; fileRef = 261D0FE11FDE7FA700487F17 /* ViewController.m */; };
		261D0FE51FDE7FA700487F17 /* Main.storyboard in Resources */ = {isa = PBXBuildFile; fileRef = 261D0FE31FDE7FA700487F17 /* Main.storyboard */; };
		261D0FE71FDE7FA700487F17 /* Assets.xcassets in Resources */ = {isa = PBXBuildFile; fileRef = 261D0FE61FDE7FA700487F17 /* Assets.xcassets */; };
		261D0FEA1FDE7FA700487F17 /* LaunchScreen.storyboard in Resources */ = {isa = PBXBuildFile; fileRef = 261D0FE81FDE7FA700487F17 /* LaunchScreen.storyboard */; };
		261D0FED1FDE7FA700487F17 /* main.m in Sources */ = {isa = PBXBuildFile; fileRef = 261D0FEC1FDE7FA700487F17 /* main.m */; };
		261D0FF71FDE7FA800487F17 /* ReactiveCocoaDemoTests.m in Sources */ = {isa = PBXBuildFile; fileRef = 261D0FF61FDE7FA800487F17 /* ReactiveCocoaDemoTests.m */; };
		261D10021FDE7FA800487F17 /* ReactiveCocoaDemoUITests.m in Sources */ = {isa = PBXBuildFile; fileRef = 261D10011FDE7FA800487F17 /* ReactiveCocoaDemoUITests.m */; };
		262F8C781FDFB0CE00D716BF /* SUGoodsData_17.data in Resources */ = {isa = PBXBuildFile; fileRef = 262F8C631FDFB0CE00D716BF /* SUGoodsData_17.data */; };
		262F8C791FDFB0CE00D716BF /* SUGoodsData_5.data in Resources */ = {isa = PBXBuildFile; fileRef = 262F8C641FDFB0CE00D716BF /* SUGoodsData_5.data */; };
		262F8C7A1FDFB0CE00D716BF /* SUGoodsData_9.data in Resources */ = {isa = PBXBuildFile; fileRef = 262F8C651FDFB0CE00D716BF /* SUGoodsData_9.data */; };
		262F8C7B1FDFB0CE00D716BF /* SUGoodsData_20.data in Resources */ = {isa = PBXBuildFile; fileRef = 262F8C661FDFB0CE00D716BF /* SUGoodsData_20.data */; };
		262F8C7C1FDFB0CE00D716BF /* SUGoodsData_8.data in Resources */ = {isa = PBXBuildFile; fileRef = 262F8C671FDFB0CE00D716BF /* SUGoodsData_8.data */; };
		262F8C7D1FDFB0CE00D716BF /* SUGoodsData_4.data in Resources */ = {isa = PBXBuildFile; fileRef = 262F8C681FDFB0CE00D716BF /* SUGoodsData_4.data */; };
		262F8C7E1FDFB0CE00D716BF /* SUGoodsData_16.data in Resources */ = {isa = PBXBuildFile; fileRef = 262F8C691FDFB0CE00D716BF /* SUGoodsData_16.data */; };
		262F8C7F1FDFB0CE00D716BF /* SUGoodsData_11.data in Resources */ = {isa = PBXBuildFile; fileRef = 262F8C6A1FDFB0CE00D716BF /* SUGoodsData_11.data */; };
		262F8C801FDFB0CE00D716BF /* SUGoodsData_3.data in Resources */ = {isa = PBXBuildFile; fileRef = 262F8C6B1FDFB0CE00D716BF /* SUGoodsData_3.data */; };
		262F8C811FDFB0CE00D716BF /* SUGoodsData_2.data in Resources */ = {isa = PBXBuildFile; fileRef = 262F8C6C1FDFB0CE00D716BF /* SUGoodsData_2.data */; };
		262F8C821FDFB0CE00D716BF /* SUGoodsData_10.data in Resources */ = {isa = PBXBuildFile; fileRef = 262F8C6D1FDFB0CE00D716BF /* SUGoodsData_10.data */; };
		262F8C831FDFB0CE00D716BF /* SUBannerData.data in Resources */ = {isa = PBXBuildFile; fileRef = 262F8C6E1FDFB0CE00D716BF /* SUBannerData.data */; };
		262F8C841FDFB0CE00D716BF /* SUGoodsData_1.data in Resources */ = {isa = PBXBuildFile; fileRef = 262F8C6F1FDFB0CE00D716BF /* SUGoodsData_1.data */; };
		262F8C851FDFB0CE00D716BF /* SUGoodsData_13.data in Resources */ = {isa = PBXBuildFile; fileRef = 262F8C701FDFB0CE00D716BF /* SUGoodsData_13.data */; };
		262F8C861FDFB0CE00D716BF /* SUGoodsData_12.data in Resources */ = {isa = PBXBuildFile; fileRef = 262F8C711FDFB0CE00D716BF /* SUGoodsData_12.data */; };
		262F8C871FDFB0CE00D716BF /* SUGoodsData_7.data in Resources */ = {isa = PBXBuildFile; fileRef = 262F8C721FDFB0CE00D716BF /* SUGoodsData_7.data */; };
		262F8C881FDFB0CE00D716BF /* SUGoodsData_15.data in Resources */ = {isa = PBXBuildFile; fileRef = 262F8C731FDFB0CE00D716BF /* SUGoodsData_15.data */; };
		262F8C891FDFB0CE00D716BF /* SUGoodsData_19.data in Resources */ = {isa = PBXBuildFile; fileRef = 262F8C741FDFB0CE00D716BF /* SUGoodsData_19.data */; };
		262F8C8A1FDFB0CE00D716BF /* SUGoodsData_18.data in Resources */ = {isa = PBXBuildFile; fileRef = 262F8C751FDFB0CE00D716BF /* SUGoodsData_18.data */; };
		262F8C8B1FDFB0CE00D716BF /* SUGoodsData_14.data in Resources */ = {isa = PBXBuildFile; fileRef = 262F8C761FDFB0CE00D716BF /* SUGoodsData_14.data */; };
		262F8C8C1FDFB0CE00D716BF /* SUGoodsData_6.data in Resources */ = {isa = PBXBuildFile; fileRef = 262F8C771FDFB0CE00D716BF /* SUGoodsData_6.data */; };
		262F8C941FDFB1B400D716BF /* ICEConstant.m in Sources */ = {isa = PBXBuildFile; fileRef = 262F8C931FDFB1B400D716BF /* ICEConstant.m */; };
		262F8CD61FDFC76500D716BF /* ICENavigationController.m in Sources */ = {isa = PBXBuildFile; fileRef = 262F8CD51FDFC76500D716BF /* ICENavigationController.m */; };
		262F8CD91FDFDABE00D716BF /* UINavigationItem+ICEBackBarButtonItem.m in Sources */ = {isa = PBXBuildFile; fileRef = 262F8CD81FDFDABE00D716BF /* UINavigationItem+ICEBackBarButtonItem.m */; };
		262F8CDC1FDFDD9F00D716BF /* ICENavigationControllerStack.m in Sources */ = {isa = PBXBuildFile; fileRef = 262F8CDB1FDFDD9F00D716BF /* ICENavigationControllerStack.m */; };
		262F8CE11FDFDEB900D716BF /* ICEViewModel.m in Sources */ = {isa = PBXBuildFile; fileRef = 262F8CE01FDFDEB900D716BF /* ICEViewModel.m */; };
		262F8CE41FDFE0CB00D716BF /* ICEViewControllerAnimatedTransition.m in Sources */ = {isa = PBXBuildFile; fileRef = 262F8CE31FDFE0CB00D716BF /* ICEViewControllerAnimatedTransition.m */; };
		262F8CE71FDFE12F00D716BF /* ICEViewController.m in Sources */ = {isa = PBXBuildFile; fileRef = 262F8CE61FDFE12F00D716BF /* ICEViewController.m */; };
		262F8CED1FDFEE1900D716BF /* UIBarButtonItem+ICEExtension.m in Sources */ = {isa = PBXBuildFile; fileRef = 262F8CEC1FDFEE1900D716BF /* UIBarButtonItem+ICEExtension.m */; };
		2654FD0D1FE0CBDB00E76731 /* ICELoginViewController.m in Sources */ = {isa = PBXBuildFile; fileRef = 2654FD0C1FE0CBDB00E76731 /* ICELoginViewController.m */; };
		2654FD101FE0CC3300E76731 /* ICEGoodsViewController.m in Sources */ = {isa = PBXBuildFile; fileRef = 2654FD0F1FE0CC3300E76731 /* ICEGoodsViewController.m */; };
/* End PBXBuildFile section */

/* Begin PBXContainerItemProxy section */
		261D0FF31FDE7FA800487F17 /* PBXContainerItemProxy */ = {
			isa = PBXContainerItemProxy;
			containerPortal = 261D0FD21FDE7FA700487F17 /* Project object */;
			proxyType = 1;
			remoteGlobalIDString = 261D0FD91FDE7FA700487F17;
			remoteInfo = ReactiveCocoaDemo;
		};
		261D0FFE1FDE7FA800487F17 /* PBXContainerItemProxy */ = {
			isa = PBXContainerItemProxy;
			containerPortal = 261D0FD21FDE7FA700487F17 /* Project object */;
			proxyType = 1;
			remoteGlobalIDString = 261D0FD91FDE7FA700487F17;
			remoteInfo = ReactiveCocoaDemo;
		};
/* End PBXContainerItemProxy section */

/* Begin PBXFileReference section */
		261D0FDA1FDE7FA700487F17 /* ReactiveCocoaDemo.app */ = {isa = PBXFileReference; explicitFileType = wrapper.application; includeInIndex = 0; path = ReactiveCocoaDemo.app; sourceTree = BUILT_PRODUCTS_DIR; };
		261D0FDD1FDE7FA700487F17 /* AppDelegate.h */ = {isa = PBXFileReference; lastKnownFileType = sourcecode.c.h; path = AppDelegate.h; sourceTree = "<group>"; };
		261D0FDE1FDE7FA700487F17 /* AppDelegate.m */ = {isa = PBXFileReference; lastKnownFileType = sourcecode.c.objc; path = AppDelegate.m; sourceTree = "<group>"; };
		261D0FE01FDE7FA700487F17 /* ViewController.h */ = {isa = PBXFileReference; lastKnownFileType = sourcecode.c.h; path = ViewController.h; sourceTree = "<group>"; };
		261D0FE11FDE7FA700487F17 /* ViewController.m */ = {isa = PBXFileReference; lastKnownFileType = sourcecode.c.objc; path = ViewController.m; sourceTree = "<group>"; };
		261D0FE41FDE7FA700487F17 /* Base */ = {isa = PBXFileReference; lastKnownFileType = file.storyboard; name = Base; path = Base.lproj/Main.storyboard; sourceTree = "<group>"; };
		261D0FE61FDE7FA700487F17 /* Assets.xcassets */ = {isa = PBXFileReference; lastKnownFileType = folder.assetcatalog; path = Assets.xcassets; sourceTree = "<group>"; };
		261D0FE91FDE7FA700487F17 /* Base */ = {isa = PBXFileReference; lastKnownFileType = file.storyboard; name = Base; path = Base.lproj/LaunchScreen.storyboard; sourceTree = "<group>"; };
		261D0FEB1FDE7FA700487F17 /* Info.plist */ = {isa = PBXFileReference; lastKnownFileType = text.plist.xml; path = Info.plist; sourceTree = "<group>"; };
		261D0FEC1FDE7FA700487F17 /* main.m */ = {isa = PBXFileReference; lastKnownFileType = sourcecode.c.objc; path = main.m; sourceTree = "<group>"; };
		261D0FF21FDE7FA800487F17 /* ReactiveCocoaDemoTests.xctest */ = {isa = PBXFileReference; explicitFileType = wrapper.cfbundle; includeInIndex = 0; path = ReactiveCocoaDemoTests.xctest; sourceTree = BUILT_PRODUCTS_DIR; };
		261D0FF61FDE7FA800487F17 /* ReactiveCocoaDemoTests.m */ = {isa = PBXFileReference; lastKnownFileType = sourcecode.c.objc; path = ReactiveCocoaDemoTests.m; sourceTree = "<group>"; };
		261D0FF81FDE7FA800487F17 /* Info.plist */ = {isa = PBXFileReference; lastKnownFileType = text.plist.xml; path = Info.plist; sourceTree = "<group>"; };
		261D0FFD1FDE7FA800487F17 /* ReactiveCocoaDemoUITests.xctest */ = {isa = PBXFileReference; explicitFileType = wrapper.cfbundle; includeInIndex = 0; path = ReactiveCocoaDemoUITests.xctest; sourceTree = BUILT_PRODUCTS_DIR; };
		261D10011FDE7FA800487F17 /* ReactiveCocoaDemoUITests.m */ = {isa = PBXFileReference; lastKnownFileType = sourcecode.c.objc; path = ReactiveCocoaDemoUITests.m; sourceTree = "<group>"; };
		261D10031FDE7FA800487F17 /* Info.plist */ = {isa = PBXFileReference; lastKnownFileType = text.plist.xml; path = Info.plist; sourceTree = "<group>"; };
		262F8C631FDFB0CE00D716BF /* SUGoodsData_17.data */ = {isa = PBXFileReference; fileEncoding = 4; lastKnownFileType = text; path = SUGoodsData_17.data; sourceTree = "<group>"; };
		262F8C641FDFB0CE00D716BF /* SUGoodsData_5.data */ = {isa = PBXFileReference; fileEncoding = 4; lastKnownFileType = text; path = SUGoodsData_5.data; sourceTree = "<group>"; };
		262F8C651FDFB0CE00D716BF /* SUGoodsData_9.data */ = {isa = PBXFileReference; fileEncoding = 4; lastKnownFileType = text; path = SUGoodsData_9.data; sourceTree = "<group>"; };
		262F8C661FDFB0CE00D716BF /* SUGoodsData_20.data */ = {isa = PBXFileReference; fileEncoding = 4; lastKnownFileType = text; path = SUGoodsData_20.data; sourceTree = "<group>"; };
		262F8C671FDFB0CE00D716BF /* SUGoodsData_8.data */ = {isa = PBXFileReference; fileEncoding = 4; lastKnownFileType = text; path = SUGoodsData_8.data; sourceTree = "<group>"; };
		262F8C681FDFB0CE00D716BF /* SUGoodsData_4.data */ = {isa = PBXFileReference; fileEncoding = 4; lastKnownFileType = text; path = SUGoodsData_4.data; sourceTree = "<group>"; };
		262F8C691FDFB0CE00D716BF /* SUGoodsData_16.data */ = {isa = PBXFileReference; fileEncoding = 4; lastKnownFileType = text; path = SUGoodsData_16.data; sourceTree = "<group>"; };
		262F8C6A1FDFB0CE00D716BF /* SUGoodsData_11.data */ = {isa = PBXFileReference; fileEncoding = 4; lastKnownFileType = text; path = SUGoodsData_11.data; sourceTree = "<group>"; };
		262F8C6B1FDFB0CE00D716BF /* SUGoodsData_3.data */ = {isa = PBXFileReference; fileEncoding = 4; lastKnownFileType = text; path = SUGoodsData_3.data; sourceTree = "<group>"; };
		262F8C6C1FDFB0CE00D716BF /* SUGoodsData_2.data */ = {isa = PBXFileReference; fileEncoding = 4; lastKnownFileType = text; path = SUGoodsData_2.data; sourceTree = "<group>"; };
		262F8C6D1FDFB0CE00D716BF /* SUGoodsData_10.data */ = {isa = PBXFileReference; fileEncoding = 4; lastKnownFileType = text; path = SUGoodsData_10.data; sourceTree = "<group>"; };
		262F8C6E1FDFB0CE00D716BF /* SUBannerData.data */ = {isa = PBXFileReference; fileEncoding = 4; lastKnownFileType = text; path = SUBannerData.data; sourceTree = "<group>"; };
		262F8C6F1FDFB0CE00D716BF /* SUGoodsData_1.data */ = {isa = PBXFileReference; fileEncoding = 4; lastKnownFileType = text; path = SUGoodsData_1.data; sourceTree = "<group>"; };
		262F8C701FDFB0CE00D716BF /* SUGoodsData_13.data */ = {isa = PBXFileReference; fileEncoding = 4; lastKnownFileType = text; path = SUGoodsData_13.data; sourceTree = "<group>"; };
		262F8C711FDFB0CE00D716BF /* SUGoodsData_12.data */ = {isa = PBXFileReference; fileEncoding = 4; lastKnownFileType = text; path = SUGoodsData_12.data; sourceTree = "<group>"; };
		262F8C721FDFB0CE00D716BF /* SUGoodsData_7.data */ = {isa = PBXFileReference; fileEncoding = 4; lastKnownFileType = text; path = SUGoodsData_7.data; sourceTree = "<group>"; };
		262F8C731FDFB0CE00D716BF /* SUGoodsData_15.data */ = {isa = PBXFileReference; fileEncoding = 4; lastKnownFileType = text; path = SUGoodsData_15.data; sourceTree = "<group>"; };
		262F8C741FDFB0CE00D716BF /* SUGoodsData_19.data */ = {isa = PBXFileReference; fileEncoding = 4; lastKnownFileType = text; path = SUGoodsData_19.data; sourceTree = "<group>"; };
		262F8C751FDFB0CE00D716BF /* SUGoodsData_18.data */ = {isa = PBXFileReference; fileEncoding = 4; lastKnownFileType = text; path = SUGoodsData_18.data; sourceTree = "<group>"; };
		262F8C761FDFB0CE00D716BF /* SUGoodsData_14.data */ = {isa = PBXFileReference; fileEncoding = 4; lastKnownFileType = text; path = SUGoodsData_14.data; sourceTree = "<group>"; };
		262F8C771FDFB0CE00D716BF /* SUGoodsData_6.data */ = {isa = PBXFileReference; fileEncoding = 4; lastKnownFileType = text; path = SUGoodsData_6.data; sourceTree = "<group>"; };
		262F8C921FDFB1B400D716BF /* ICEConstant.h */ = {isa = PBXFileReference; lastKnownFileType = sourcecode.c.h; path = ICEConstant.h; sourceTree = "<group>"; };
		262F8C931FDFB1B400D716BF /* ICEConstant.m */ = {isa = PBXFileReference; lastKnownFileType = sourcecode.c.objc; path = ICEConstant.m; sourceTree = "<group>"; };
		262F8C951FDFB5CE00D716BF /* ReactiveCocoaDemoPrefixHeader.pch */ = {isa = PBXFileReference; lastKnownFileType = sourcecode.c.h; path = ReactiveCocoaDemoPrefixHeader.pch; sourceTree = "<group>"; };
		262F8CD41FDFC76500D716BF /* ICENavigationController.h */ = {isa = PBXFileReference; lastKnownFileType = sourcecode.c.h; path = ICENavigationController.h; sourceTree = "<group>"; };
		262F8CD51FDFC76500D716BF /* ICENavigationController.m */ = {isa = PBXFileReference; lastKnownFileType = sourcecode.c.objc; path = ICENavigationController.m; sourceTree = "<group>"; };
		262F8CD71FDFDABE00D716BF /* UINavigationItem+ICEBackBarButtonItem.h */ = {isa = PBXFileReference; lastKnownFileType = sourcecode.c.h; path = "UINavigationItem+ICEBackBarButtonItem.h"; sourceTree = "<group>"; };
		262F8CD81FDFDABE00D716BF /* UINavigationItem+ICEBackBarButtonItem.m */ = {isa = PBXFileReference; lastKnownFileType = sourcecode.c.objc; path = "UINavigationItem+ICEBackBarButtonItem.m"; sourceTree = "<group>"; };
		262F8CDA1FDFDD9F00D716BF /* ICENavigationControllerStack.h */ = {isa = PBXFileReference; lastKnownFileType = sourcecode.c.h; path = ICENavigationControllerStack.h; sourceTree = "<group>"; };
		262F8CDB1FDFDD9F00D716BF /* ICENavigationControllerStack.m */ = {isa = PBXFileReference; lastKnownFileType = sourcecode.c.objc; path = ICENavigationControllerStack.m; sourceTree = "<group>"; };
		262F8CDD1FDFDDEA00D716BF /* ICENavigationProtocol.h */ = {isa = PBXFileReference; lastKnownFileType = sourcecode.c.h; path = ICENavigationProtocol.h; sourceTree = "<group>"; };
		262F8CDE1FDFDE4500D716BF /* ICEViewModelServices.h */ = {isa = PBXFileReference; lastKnownFileType = sourcecode.c.h; path = ICEViewModelServices.h; sourceTree = "<group>"; };
		262F8CDF1FDFDEB900D716BF /* ICEViewModel.h */ = {isa = PBXFileReference; lastKnownFileType = sourcecode.c.h; path = ICEViewModel.h; sourceTree = "<group>"; };
		262F8CE01FDFDEB900D716BF /* ICEViewModel.m */ = {isa = PBXFileReference; lastKnownFileType = sourcecode.c.objc; path = ICEViewModel.m; sourceTree = "<group>"; };
		262F8CE21FDFE0CB00D716BF /* ICEViewControllerAnimatedTransition.h */ = {isa = PBXFileReference; lastKnownFileType = sourcecode.c.h; path = ICEViewControllerAnimatedTransition.h; sourceTree = "<group>"; };
		262F8CE31FDFE0CB00D716BF /* ICEViewControllerAnimatedTransition.m */ = {isa = PBXFileReference; lastKnownFileType = sourcecode.c.objc; path = ICEViewControllerAnimatedTransition.m; sourceTree = "<group>"; };
		262F8CE51FDFE12F00D716BF /* ICEViewController.h */ = {isa = PBXFileReference; lastKnownFileType = sourcecode.c.h; path = ICEViewController.h; sourceTree = "<group>"; };
		262F8CE61FDFE12F00D716BF /* ICEViewController.m */ = {isa = PBXFileReference; lastKnownFileType = sourcecode.c.objc; path = ICEViewController.m; sourceTree = "<group>"; };
		262F8CEB1FDFEE1900D716BF /* UIBarButtonItem+ICEExtension.h */ = {isa = PBXFileReference; lastKnownFileType = sourcecode.c.h; path = "UIBarButtonItem+ICEExtension.h"; sourceTree = "<group>"; };
		262F8CEC1FDFEE1900D716BF /* UIBarButtonItem+ICEExtension.m */ = {isa = PBXFileReference; lastKnownFileType = sourcecode.c.objc; path = "UIBarButtonItem+ICEExtension.m"; sourceTree = "<group>"; };
		2654FD0B1FE0CBDB00E76731 /* ICELoginViewController.h */ = {isa = PBXFileReference; lastKnownFileType = sourcecode.c.h; path = ICELoginViewController.h; sourceTree = "<group>"; };
		2654FD0C1FE0CBDB00E76731 /* ICELoginViewController.m */ = {isa = PBXFileReference; lastKnownFileType = sourcecode.c.objc; path = ICELoginViewController.m; sourceTree = "<group>"; };
		2654FD0E1FE0CC3300E76731 /* ICEGoodsViewController.h */ = {isa = PBXFileReference; lastKnownFileType = sourcecode.c.h; path = ICEGoodsViewController.h; sourceTree = "<group>"; };
		2654FD0F1FE0CC3300E76731 /* ICEGoodsViewController.m */ = {isa = PBXFileReference; lastKnownFileType = sourcecode.c.objc; path = ICEGoodsViewController.m; sourceTree = "<group>"; };
/* End PBXFileReference section */

/* Begin PBXFrameworksBuildPhase section */
		261D0FD71FDE7FA700487F17 /* Frameworks */ = {
			isa = PBXFrameworksBuildPhase;
			buildActionMask = 2147483647;
			files = (
			);
			runOnlyForDeploymentPostprocessing = 0;
		};
		261D0FEF1FDE7FA800487F17 /* Frameworks */ = {
			isa = PBXFrameworksBuildPhase;
			buildActionMask = 2147483647;
			files = (
			);
			runOnlyForDeploymentPostprocessing = 0;
		};
		261D0FFA1FDE7FA800487F17 /* Frameworks */ = {
			isa = PBXFrameworksBuildPhase;
			buildActionMask = 2147483647;
			files = (
			);
			runOnlyForDeploymentPostprocessing = 0;
		};
/* End PBXFrameworksBuildPhase section */

/* Begin PBXGroup section */
		261D0FD11FDE7FA700487F17 = {
			isa = PBXGroup;
			children = (
				261D0FDC1FDE7FA700487F17 /* ReactiveCocoaDemo */,
				261D0FF51FDE7FA800487F17 /* ReactiveCocoaDemoTests */,
				261D10001FDE7FA800487F17 /* ReactiveCocoaDemoUITests */,
				261D0FDB1FDE7FA700487F17 /* Products */,
			);
			sourceTree = "<group>";
		};
		261D0FDB1FDE7FA700487F17 /* Products */ = {
			isa = PBXGroup;
			children = (
				261D0FDA1FDE7FA700487F17 /* ReactiveCocoaDemo.app */,
				261D0FF21FDE7FA800487F17 /* ReactiveCocoaDemoTests.xctest */,
				261D0FFD1FDE7FA800487F17 /* ReactiveCocoaDemoUITests.xctest */,
			);
			name = Products;
			sourceTree = "<group>";
		};
		261D0FDC1FDE7FA700487F17 /* ReactiveCocoaDemo */ = {
			isa = PBXGroup;
			children = (
				261D0FDD1FDE7FA700487F17 /* AppDelegate.h */,
				261D0FDE1FDE7FA700487F17 /* AppDelegate.m */,
				261D0FE01FDE7FA700487F17 /* ViewController.h */,
				261D0FE11FDE7FA700487F17 /* ViewController.m */,
				262F8C5D1FDFB04700D716BF /* Models */,
				262F8C601FDFB04700D716BF /* Others */,
				262F8C5F1FDFB04700D716BF /* Resources */,
				262F8C581FDFB04700D716BF /* Utils */,
				262F8C571FDFB04600D716BF /* Vendors */,
				262F8C5B1FDFB04700D716BF /* ViewControllers */,
				262F8C591FDFB04700D716BF /* ViewModels */,
				262F8C611FDFB07F00D716BF /* Views */,
				261D0FE31FDE7FA700487F17 /* Main.storyboard */,
				261D0FE61FDE7FA700487F17 /* Assets.xcassets */,
				261D0FE81FDE7FA700487F17 /* LaunchScreen.storyboard */,
				261D0FEB1FDE7FA700487F17 /* Info.plist */,
				261D0FEC1FDE7FA700487F17 /* main.m */,
				262F8C951FDFB5CE00D716BF /* ReactiveCocoaDemoPrefixHeader.pch */,
			);
			path = ReactiveCocoaDemo;
			sourceTree = "<group>";
		};
		261D0FF51FDE7FA800487F17 /* ReactiveCocoaDemoTests */ = {
			isa = PBXGroup;
			children = (
				261D0FF61FDE7FA800487F17 /* ReactiveCocoaDemoTests.m */,
				261D0FF81FDE7FA800487F17 /* Info.plist */,
			);
			path = ReactiveCocoaDemoTests;
			sourceTree = "<group>";
		};
		261D10001FDE7FA800487F17 /* ReactiveCocoaDemoUITests */ = {
			isa = PBXGroup;
			children = (
				261D10011FDE7FA800487F17 /* ReactiveCocoaDemoUITests.m */,
				261D10031FDE7FA800487F17 /* Info.plist */,
			);
			path = ReactiveCocoaDemoUITests;
			sourceTree = "<group>";
		};
		262F8C571FDFB04600D716BF /* Vendors */ = {
			isa = PBXGroup;
			children = (
			);
			path = Vendors;
			sourceTree = "<group>";
		};
		262F8C581FDFB04700D716BF /* Utils */ = {
			isa = PBXGroup;
			children = (
				262F8C921FDFB1B400D716BF /* ICEConstant.h */,
				262F8C931FDFB1B400D716BF /* ICEConstant.m */,
				262F8CD71FDFDABE00D716BF /* UINavigationItem+ICEBackBarButtonItem.h */,
				262F8CD81FDFDABE00D716BF /* UINavigationItem+ICEBackBarButtonItem.m */,
				262F8CEB1FDFEE1900D716BF /* UIBarButtonItem+ICEExtension.h */,
				262F8CEC1FDFEE1900D716BF /* UIBarButtonItem+ICEExtension.m */,
			);
			path = Utils;
			sourceTree = "<group>";
		};
		262F8C591FDFB04700D716BF /* ViewModels */ = {
			isa = PBXGroup;
			children = (
				262F8C5A1FDFB04700D716BF /* BaseClass */,
			);
			path = ViewModels;
			sourceTree = "<group>";
		};
		262F8C5A1FDFB04700D716BF /* BaseClass */ = {
			isa = PBXGroup;
			children = (
				262F8CDF1FDFDEB900D716BF /* ICEViewModel.h */,
				262F8CE01FDFDEB900D716BF /* ICEViewModel.m */,
				262F8CDD1FDFDDEA00D716BF /* ICENavigationProtocol.h */,
				262F8CDE1FDFDE4500D716BF /* ICEViewModelServices.h */,
			);
			path = BaseClass;
			sourceTree = "<group>";
		};
		262F8C5B1FDFB04700D716BF /* ViewControllers */ = {
			isa = PBXGroup;
			children = (
				262F8C5C1FDFB04700D716BF /* BaseClass */,
				262F8CD41FDFC76500D716BF /* ICENavigationController.h */,
				262F8CD51FDFC76500D716BF /* ICENavigationController.m */,
				262F8CDA1FDFDD9F00D716BF /* ICENavigationControllerStack.h */,
				262F8CDB1FDFDD9F00D716BF /* ICENavigationControllerStack.m */,
				262F8CE51FDFE12F00D716BF /* ICEViewController.h */,
				262F8CE61FDFE12F00D716BF /* ICEViewController.m */,
				262F8CE21FDFE0CB00D716BF /* ICEViewControllerAnimatedTransition.h */,
				262F8CE31FDFE0CB00D716BF /* ICEViewControllerAnimatedTransition.m */,
				2654FD0B1FE0CBDB00E76731 /* ICELoginViewController.h */,
				2654FD0C1FE0CBDB00E76731 /* ICELoginViewController.m */,
				2654FD0E1FE0CC3300E76731 /* ICEGoodsViewController.h */,
				2654FD0F1FE0CC3300E76731 /* ICEGoodsViewController.m */,
			);
			path = ViewControllers;
			sourceTree = "<group>";
		};
		262F8C5C1FDFB04700D716BF /* BaseClass */ = {
			isa = PBXGroup;
			children = (
			);
			path = BaseClass;
			sourceTree = "<group>";
		};
		262F8C5D1FDFB04700D716BF /* Models */ = {
			isa = PBXGroup;
			children = (
				262F8C5E1FDFB04700D716BF /* BaseClass */,
			);
			path = Models;
			sourceTree = "<group>";
		};
		262F8C5E1FDFB04700D716BF /* BaseClass */ = {
			isa = PBXGroup;
			children = (
			);
			path = BaseClass;
			sourceTree = "<group>";
		};
		262F8C5F1FDFB04700D716BF /* Resources */ = {
			isa = PBXGroup;
			children = (
				262F8C621FDFB0CE00D716BF /* Data */,
			);
			path = Resources;
			sourceTree = "<group>";
		};
		262F8C601FDFB04700D716BF /* Others */ = {
			isa = PBXGroup;
			children = (
			);
			path = Others;
			sourceTree = "<group>";
		};
		262F8C611FDFB07F00D716BF /* Views */ = {
			isa = PBXGroup;
			children = (
			);
			path = Views;
			sourceTree = "<group>";
		};
		262F8C621FDFB0CE00D716BF /* Data */ = {
			isa = PBXGroup;
			children = (
				262F8C631FDFB0CE00D716BF /* SUGoodsData_17.data */,
				262F8C641FDFB0CE00D716BF /* SUGoodsData_5.data */,
				262F8C651FDFB0CE00D716BF /* SUGoodsData_9.data */,
				262F8C661FDFB0CE00D716BF /* SUGoodsData_20.data */,
				262F8C671FDFB0CE00D716BF /* SUGoodsData_8.data */,
				262F8C681FDFB0CE00D716BF /* SUGoodsData_4.data */,
				262F8C691FDFB0CE00D716BF /* SUGoodsData_16.data */,
				262F8C6A1FDFB0CE00D716BF /* SUGoodsData_11.data */,
				262F8C6B1FDFB0CE00D716BF /* SUGoodsData_3.data */,
				262F8C6C1FDFB0CE00D716BF /* SUGoodsData_2.data */,
				262F8C6D1FDFB0CE00D716BF /* SUGoodsData_10.data */,
				262F8C6E1FDFB0CE00D716BF /* SUBannerData.data */,
				262F8C6F1FDFB0CE00D716BF /* SUGoodsData_1.data */,
				262F8C701FDFB0CE00D716BF /* SUGoodsData_13.data */,
				262F8C711FDFB0CE00D716BF /* SUGoodsData_12.data */,
				262F8C721FDFB0CE00D716BF /* SUGoodsData_7.data */,
				262F8C731FDFB0CE00D716BF /* SUGoodsData_15.data */,
				262F8C741FDFB0CE00D716BF /* SUGoodsData_19.data */,
				262F8C751FDFB0CE00D716BF /* SUGoodsData_18.data */,
				262F8C761FDFB0CE00D716BF /* SUGoodsData_14.data */,
				262F8C771FDFB0CE00D716BF /* SUGoodsData_6.data */,
			);
			path = Data;
			sourceTree = "<group>";
		};
/* End PBXGroup section */

/* Begin PBXNativeTarget section */
		261D0FD91FDE7FA700487F17 /* ReactiveCocoaDemo */ = {
			isa = PBXNativeTarget;
			buildConfigurationList = 261D10061FDE7FA800487F17 /* Build configuration list for PBXNativeTarget "ReactiveCocoaDemo" */;
			buildPhases = (
				261D0FD61FDE7FA700487F17 /* Sources */,
				261D0FD71FDE7FA700487F17 /* Frameworks */,
				261D0FD81FDE7FA700487F17 /* Resources */,
			);
			buildRules = (
			);
			dependencies = (
			);
			name = ReactiveCocoaDemo;
			productName = ReactiveCocoaDemo;
			productReference = 261D0FDA1FDE7FA700487F17 /* ReactiveCocoaDemo.app */;
			productType = "com.apple.product-type.application";
		};
		261D0FF11FDE7FA800487F17 /* ReactiveCocoaDemoTests */ = {
			isa = PBXNativeTarget;
			buildConfigurationList = 261D10091FDE7FA800487F17 /* Build configuration list for PBXNativeTarget "ReactiveCocoaDemoTests" */;
			buildPhases = (
				261D0FEE1FDE7FA800487F17 /* Sources */,
				261D0FEF1FDE7FA800487F17 /* Frameworks */,
				261D0FF01FDE7FA800487F17 /* Resources */,
			);
			buildRules = (
			);
			dependencies = (
				261D0FF41FDE7FA800487F17 /* PBXTargetDependency */,
			);
			name = ReactiveCocoaDemoTests;
			productName = ReactiveCocoaDemoTests;
			productReference = 261D0FF21FDE7FA800487F17 /* ReactiveCocoaDemoTests.xctest */;
			productType = "com.apple.product-type.bundle.unit-test";
		};
		261D0FFC1FDE7FA800487F17 /* ReactiveCocoaDemoUITests */ = {
			isa = PBXNativeTarget;
			buildConfigurationList = 261D100C1FDE7FA800487F17 /* Build configuration list for PBXNativeTarget "ReactiveCocoaDemoUITests" */;
			buildPhases = (
				261D0FF91FDE7FA800487F17 /* Sources */,
				261D0FFA1FDE7FA800487F17 /* Frameworks */,
				261D0FFB1FDE7FA800487F17 /* Resources */,
			);
			buildRules = (
			);
			dependencies = (
				261D0FFF1FDE7FA800487F17 /* PBXTargetDependency */,
			);
			name = ReactiveCocoaDemoUITests;
			productName = ReactiveCocoaDemoUITests;
			productReference = 261D0FFD1FDE7FA800487F17 /* ReactiveCocoaDemoUITests.xctest */;
			productType = "com.apple.product-type.bundle.ui-testing";
		};
/* End PBXNativeTarget section */

/* Begin PBXProject section */
		261D0FD21FDE7FA700487F17 /* Project object */ = {
			isa = PBXProject;
			attributes = {
				CLASSPREFIX = ICE;
				LastUpgradeCheck = 0920;
				ORGANIZATIONNAME = iceWorks;
				TargetAttributes = {
					261D0FD91FDE7FA700487F17 = {
						CreatedOnToolsVersion = 9.2;
						ProvisioningStyle = Automatic;
					};
					261D0FF11FDE7FA800487F17 = {
						CreatedOnToolsVersion = 9.2;
						ProvisioningStyle = Automatic;
						TestTargetID = 261D0FD91FDE7FA700487F17;
					};
					261D0FFC1FDE7FA800487F17 = {
						CreatedOnToolsVersion = 9.2;
						ProvisioningStyle = Automatic;
						TestTargetID = 261D0FD91FDE7FA700487F17;
					};
				};
			};
			buildConfigurationList = 261D0FD51FDE7FA700487F17 /* Build configuration list for PBXProject "ReactiveCocoaDemo" */;
			compatibilityVersion = "Xcode 8.0";
			developmentRegion = en;
			hasScannedForEncodings = 0;
			knownRegions = (
				en,
				Base,
			);
			mainGroup = 261D0FD11FDE7FA700487F17;
			productRefGroup = 261D0FDB1FDE7FA700487F17 /* Products */;
			projectDirPath = "";
			projectRoot = "";
			targets = (
				261D0FD91FDE7FA700487F17 /* ReactiveCocoaDemo */,
				261D0FF11FDE7FA800487F17 /* ReactiveCocoaDemoTests */,
				261D0FFC1FDE7FA800487F17 /* ReactiveCocoaDemoUITests */,
			);
		};
/* End PBXProject section */

/* Begin PBXResourcesBuildPhase section */
		261D0FD81FDE7FA700487F17 /* Resources */ = {
			isa = PBXResourcesBuildPhase;
			buildActionMask = 2147483647;
			files = (
				262F8C8B1FDFB0CE00D716BF /* SUGoodsData_14.data in Resources */,
				262F8C891FDFB0CE00D716BF /* SUGoodsData_19.data in Resources */,
				262F8C781FDFB0CE00D716BF /* SUGoodsData_17.data in Resources */,
				262F8C7E1FDFB0CE00D716BF /* SUGoodsData_16.data in Resources */,
				262F8C801FDFB0CE00D716BF /* SUGoodsData_3.data in Resources */,
				262F8C8C1FDFB0CE00D716BF /* SUGoodsData_6.data in Resources */,
				262F8C791FDFB0CE00D716BF /* SUGoodsData_5.data in Resources */,
				262F8C831FDFB0CE00D716BF /* SUBannerData.data in Resources */,
				262F8C7A1FDFB0CE00D716BF /* SUGoodsData_9.data in Resources */,
				262F8C821FDFB0CE00D716BF /* SUGoodsData_10.data in Resources */,
				261D0FEA1FDE7FA700487F17 /* LaunchScreen.storyboard in Resources */,
				262F8C841FDFB0CE00D716BF /* SUGoodsData_1.data in Resources */,
				262F8C7B1FDFB0CE00D716BF /* SUGoodsData_20.data in Resources */,
				262F8C7F1FDFB0CE00D716BF /* SUGoodsData_11.data in Resources */,
				262F8C811FDFB0CE00D716BF /* SUGoodsData_2.data in Resources */,
				261D0FE71FDE7FA700487F17 /* Assets.xcassets in Resources */,
				262F8C871FDFB0CE00D716BF /* SUGoodsData_7.data in Resources */,
				262F8C7D1FDFB0CE00D716BF /* SUGoodsData_4.data in Resources */,
				261D0FE51FDE7FA700487F17 /* Main.storyboard in Resources */,
				262F8C8A1FDFB0CE00D716BF /* SUGoodsData_18.data in Resources */,
				262F8C861FDFB0CE00D716BF /* SUGoodsData_12.data in Resources */,
				262F8C851FDFB0CE00D716BF /* SUGoodsData_13.data in Resources */,
				262F8C881FDFB0CE00D716BF /* SUGoodsData_15.data in Resources */,
				262F8C7C1FDFB0CE00D716BF /* SUGoodsData_8.data in Resources */,
			);
			runOnlyForDeploymentPostprocessing = 0;
		};
		261D0FF01FDE7FA800487F17 /* Resources */ = {
			isa = PBXResourcesBuildPhase;
			buildActionMask = 2147483647;
			files = (
			);
			runOnlyForDeploymentPostprocessing = 0;
		};
		261D0FFB1FDE7FA800487F17 /* Resources */ = {
			isa = PBXResourcesBuildPhase;
			buildActionMask = 2147483647;
			files = (
			);
			runOnlyForDeploymentPostprocessing = 0;
		};
/* End PBXResourcesBuildPhase section */

/* Begin PBXSourcesBuildPhase section */
		261D0FD61FDE7FA700487F17 /* Sources */ = {
			isa = PBXSourcesBuildPhase;
			buildActionMask = 2147483647;
			files = (
				2654FD0D1FE0CBDB00E76731 /* ICELoginViewController.m in Sources */,
				262F8CED1FDFEE1900D716BF /* UIBarButtonItem+ICEExtension.m in Sources */,
				262F8CDC1FDFDD9F00D716BF /* ICENavigationControllerStack.m in Sources */,
				261D0FE21FDE7FA700487F17 /* ViewController.m in Sources */,
				262F8CD61FDFC76500D716BF /* ICENavigationController.m in Sources */,
				261D0FED1FDE7FA700487F17 /* main.m in Sources */,
				2654FD101FE0CC3300E76731 /* ICEGoodsViewController.m in Sources */,
				262F8CE71FDFE12F00D716BF /* ICEViewController.m in Sources */,
				262F8CE41FDFE0CB00D716BF /* ICEViewControllerAnimatedTransition.m in Sources */,
				261D0FDF1FDE7FA700487F17 /* AppDelegate.m in Sources */,
				262F8CD91FDFDABE00D716BF /* UINavigationItem+ICEBackBarButtonItem.m in Sources */,
				262F8CE11FDFDEB900D716BF /* ICEViewModel.m in Sources */,
				262F8C941FDFB1B400D716BF /* ICEConstant.m in Sources */,
			);
			runOnlyForDeploymentPostprocessing = 0;
		};
		261D0FEE1FDE7FA800487F17 /* Sources */ = {
			isa = PBXSourcesBuildPhase;
			buildActionMask = 2147483647;
			files = (
				261D0FF71FDE7FA800487F17 /* ReactiveCocoaDemoTests.m in Sources */,
			);
			runOnlyForDeploymentPostprocessing = 0;
		};
		261D0FF91FDE7FA800487F17 /* Sources */ = {
			isa = PBXSourcesBuildPhase;
			buildActionMask = 2147483647;
			files = (
				261D10021FDE7FA800487F17 /* ReactiveCocoaDemoUITests.m in Sources */,
			);
			runOnlyForDeploymentPostprocessing = 0;
		};
/* End PBXSourcesBuildPhase section */

/* Begin PBXTargetDependency section */
		261D0FF41FDE7FA800487F17 /* PBXTargetDependency */ = {
			isa = PBXTargetDependency;
			target = 261D0FD91FDE7FA700487F17 /* ReactiveCocoaDemo */;
			targetProxy = 261D0FF31FDE7FA800487F17 /* PBXContainerItemProxy */;
		};
		261D0FFF1FDE7FA800487F17 /* PBXTargetDependency */ = {
			isa = PBXTargetDependency;
			target = 261D0FD91FDE7FA700487F17 /* ReactiveCocoaDemo */;
			targetProxy = 261D0FFE1FDE7FA800487F17 /* PBXContainerItemProxy */;
		};
/* End PBXTargetDependency section */

/* Begin PBXVariantGroup section */
		261D0FE31FDE7FA700487F17 /* Main.storyboard */ = {
			isa = PBXVariantGroup;
			children = (
				261D0FE41FDE7FA700487F17 /* Base */,
			);
			name = Main.storyboard;
			sourceTree = "<group>";
		};
		261D0FE81FDE7FA700487F17 /* LaunchScreen.storyboard */ = {
			isa = PBXVariantGroup;
			children = (
				261D0FE91FDE7FA700487F17 /* Base */,
			);
			name = LaunchScreen.storyboard;
			sourceTree = "<group>";
		};
/* End PBXVariantGroup section */

/* Begin XCBuildConfiguration section */
		261D10041FDE7FA800487F17 /* Debug */ = {
			isa = XCBuildConfiguration;
			buildSettings = {
				ALWAYS_SEARCH_USER_PATHS = NO;
				CLANG_ANALYZER_NONNULL = YES;
				CLANG_ANALYZER_NUMBER_OBJECT_CONVERSION = YES_AGGRESSIVE;
				CLANG_CXX_LANGUAGE_STANDARD = "gnu++14";
				CLANG_CXX_LIBRARY = "libc++";
				CLANG_ENABLE_MODULES = YES;
				CLANG_ENABLE_OBJC_ARC = YES;
				CLANG_WARN_BLOCK_CAPTURE_AUTORELEASING = YES;
				CLANG_WARN_BOOL_CONVERSION = YES;
				CLANG_WARN_COMMA = YES;
				CLANG_WARN_CONSTANT_CONVERSION = YES;
				CLANG_WARN_DIRECT_OBJC_ISA_USAGE = YES_ERROR;
				CLANG_WARN_DOCUMENTATION_COMMENTS = YES;
				CLANG_WARN_EMPTY_BODY = YES;
				CLANG_WARN_ENUM_CONVERSION = YES;
				CLANG_WARN_INFINITE_RECURSION = YES;
				CLANG_WARN_INT_CONVERSION = YES;
				CLANG_WARN_NON_LITERAL_NULL_CONVERSION = YES;
				CLANG_WARN_OBJC_LITERAL_CONVERSION = YES;
				CLANG_WARN_OBJC_ROOT_CLASS = YES_ERROR;
				CLANG_WARN_RANGE_LOOP_ANALYSIS = YES;
				CLANG_WARN_STRICT_PROTOTYPES = YES;
				CLANG_WARN_SUSPICIOUS_MOVE = YES;
				CLANG_WARN_UNGUARDED_AVAILABILITY = YES_AGGRESSIVE;
				CLANG_WARN_UNREACHABLE_CODE = YES;
				CLANG_WARN__DUPLICATE_METHOD_MATCH = YES;
				CODE_SIGN_IDENTITY = "iPhone Developer";
				COPY_PHASE_STRIP = NO;
				DEBUG_INFORMATION_FORMAT = dwarf;
				ENABLE_STRICT_OBJC_MSGSEND = YES;
				ENABLE_TESTABILITY = YES;
				GCC_C_LANGUAGE_STANDARD = gnu11;
				GCC_DYNAMIC_NO_PIC = NO;
				GCC_NO_COMMON_BLOCKS = YES;
				GCC_OPTIMIZATION_LEVEL = 0;
				GCC_PREPROCESSOR_DEFINITIONS = (
					"DEBUG=1",
					"$(inherited)",
				);
				GCC_WARN_64_TO_32_BIT_CONVERSION = YES;
				GCC_WARN_ABOUT_RETURN_TYPE = YES_ERROR;
				GCC_WARN_UNDECLARED_SELECTOR = YES;
				GCC_WARN_UNINITIALIZED_AUTOS = YES_AGGRESSIVE;
				GCC_WARN_UNUSED_FUNCTION = YES;
				GCC_WARN_UNUSED_VARIABLE = YES;
				IPHONEOS_DEPLOYMENT_TARGET = 11.2;
				MTL_ENABLE_DEBUG_INFO = YES;
				ONLY_ACTIVE_ARCH = YES;
				SDKROOT = iphoneos;
			};
			name = Debug;
		};
		261D10051FDE7FA800487F17 /* Release */ = {
			isa = XCBuildConfiguration;
			buildSettings = {
				ALWAYS_SEARCH_USER_PATHS = NO;
				CLANG_ANALYZER_NONNULL = YES;
				CLANG_ANALYZER_NUMBER_OBJECT_CONVERSION = YES_AGGRESSIVE;
				CLANG_CXX_LANGUAGE_STANDARD = "gnu++14";
				CLANG_CXX_LIBRARY = "libc++";
				CLANG_ENABLE_MODULES = YES;
				CLANG_ENABLE_OBJC_ARC = YES;
				CLANG_WARN_BLOCK_CAPTURE_AUTORELEASING = YES;
				CLANG_WARN_BOOL_CONVERSION = YES;
				CLANG_WARN_COMMA = YES;
				CLANG_WARN_CONSTANT_CONVERSION = YES;
				CLANG_WARN_DIRECT_OBJC_ISA_USAGE = YES_ERROR;
				CLANG_WARN_DOCUMENTATION_COMMENTS = YES;
				CLANG_WARN_EMPTY_BODY = YES;
				CLANG_WARN_ENUM_CONVERSION = YES;
				CLANG_WARN_INFINITE_RECURSION = YES;
				CLANG_WARN_INT_CONVERSION = YES;
				CLANG_WARN_NON_LITERAL_NULL_CONVERSION = YES;
				CLANG_WARN_OBJC_LITERAL_CONVERSION = YES;
				CLANG_WARN_OBJC_ROOT_CLASS = YES_ERROR;
				CLANG_WARN_RANGE_LOOP_ANALYSIS = YES;
				CLANG_WARN_STRICT_PROTOTYPES = YES;
				CLANG_WARN_SUSPICIOUS_MOVE = YES;
				CLANG_WARN_UNGUARDED_AVAILABILITY = YES_AGGRESSIVE;
				CLANG_WARN_UNREACHABLE_CODE = YES;
				CLANG_WARN__DUPLICATE_METHOD_MATCH = YES;
				CODE_SIGN_IDENTITY = "iPhone Developer";
				COPY_PHASE_STRIP = NO;
				DEBUG_INFORMATION_FORMAT = "dwarf-with-dsym";
				ENABLE_NS_ASSERTIONS = NO;
				ENABLE_STRICT_OBJC_MSGSEND = YES;
				GCC_C_LANGUAGE_STANDARD = gnu11;
				GCC_NO_COMMON_BLOCKS = YES;
				GCC_WARN_64_TO_32_BIT_CONVERSION = YES;
				GCC_WARN_ABOUT_RETURN_TYPE = YES_ERROR;
				GCC_WARN_UNDECLARED_SELECTOR = YES;
				GCC_WARN_UNINITIALIZED_AUTOS = YES_AGGRESSIVE;
				GCC_WARN_UNUSED_FUNCTION = YES;
				GCC_WARN_UNUSED_VARIABLE = YES;
				IPHONEOS_DEPLOYMENT_TARGET = 11.2;
				MTL_ENABLE_DEBUG_INFO = NO;
				SDKROOT = iphoneos;
				VALIDATE_PRODUCT = YES;
			};
			name = Release;
		};
		261D10071FDE7FA800487F17 /* Debug */ = {
			isa = XCBuildConfiguration;
			buildSettings = {
				ASSETCATALOG_COMPILER_APPICON_NAME = AppIcon;
				CODE_SIGN_STYLE = Automatic;
				DEVELOPMENT_TEAM = B58GW3GPZ4;
				GCC_PREFIX_HEADER = "$(PRODUCT_NAME)/ReactiveCocoaDemoPrefixHeader.pch";
				INFOPLIST_FILE = ReactiveCocoaDemo/Info.plist;
				IPHONEOS_DEPLOYMENT_TARGET = 8.0;
				LD_RUNPATH_SEARCH_PATHS = "$(inherited) @executable_path/Frameworks";
				PRODUCT_BUNDLE_IDENTIFIER = com.iceworks.ReactiveCocoaDemo;
				PRODUCT_NAME = "$(TARGET_NAME)";
				TARGETED_DEVICE_FAMILY = "1,2";
			};
			name = Debug;
		};
		261D10081FDE7FA800487F17 /* Release */ = {
			isa = XCBuildConfiguration;
			buildSettings = {
				ASSETCATALOG_COMPILER_APPICON_NAME = AppIcon;
				CODE_SIGN_STYLE = Automatic;
				DEVELOPMENT_TEAM = B58GW3GPZ4;
				GCC_PREFIX_HEADER = "$(PRODUCT_NAME)/ReactiveCocoaDemoPrefixHeader.pch";
				INFOPLIST_FILE = ReactiveCocoaDemo/Info.plist;
				IPHONEOS_DEPLOYMENT_TARGET = 8.0;
				LD_RUNPATH_SEARCH_PATHS = "$(inherited) @executable_path/Frameworks";
				PRODUCT_BUNDLE_IDENTIFIER = com.iceworks.ReactiveCocoaDemo;
				PRODUCT_NAME = "$(TARGET_NAME)";
				TARGETED_DEVICE_FAMILY = "1,2";
			};
			name = Release;
		};
		261D100A1FDE7FA800487F17 /* Debug */ = {
			isa = XCBuildConfiguration;
			buildSettings = {
				BUNDLE_LOADER = "$(TEST_HOST)";
				CODE_SIGN_STYLE = Automatic;
				INFOPLIST_FILE = ReactiveCocoaDemoTests/Info.plist;
				LD_RUNPATH_SEARCH_PATHS = "$(inherited) @executable_path/Frameworks @loader_path/Frameworks";
				PRODUCT_BUNDLE_IDENTIFIER = com.iceworks.ReactiveCocoaDemoTests;
				PRODUCT_NAME = "$(TARGET_NAME)";
				TARGETED_DEVICE_FAMILY = "1,2";
				TEST_HOST = "$(BUILT_PRODUCTS_DIR)/ReactiveCocoaDemo.app/ReactiveCocoaDemo";
			};
			name = Debug;
		};
		261D100B1FDE7FA800487F17 /* Release */ = {
			isa = XCBuildConfiguration;
			buildSettings = {
				BUNDLE_LOADER = "$(TEST_HOST)";
				CODE_SIGN_STYLE = Automatic;
				INFOPLIST_FILE = ReactiveCocoaDemoTests/Info.plist;
				LD_RUNPATH_SEARCH_PATHS = "$(inherited) @executable_path/Frameworks @loader_path/Frameworks";
				PRODUCT_BUNDLE_IDENTIFIER = com.iceworks.ReactiveCocoaDemoTests;
				PRODUCT_NAME = "$(TARGET_NAME)";
				TARGETED_DEVICE_FAMILY = "1,2";
				TEST_HOST = "$(BUILT_PRODUCTS_DIR)/ReactiveCocoaDemo.app/ReactiveCocoaDemo";
			};
			name = Release;
		};
		261D100D1FDE7FA800487F17 /* Debug */ = {
			isa = XCBuildConfiguration;
			buildSettings = {
				CODE_SIGN_STYLE = Automatic;
				INFOPLIST_FILE = ReactiveCocoaDemoUITests/Info.plist;
				LD_RUNPATH_SEARCH_PATHS = "$(inherited) @executable_path/Frameworks @loader_path/Frameworks";
				PRODUCT_BUNDLE_IDENTIFIER = com.iceworks.ReactiveCocoaDemoUITests;
				PRODUCT_NAME = "$(TARGET_NAME)";
				TARGETED_DEVICE_FAMILY = "1,2";
				TEST_TARGET_NAME = ReactiveCocoaDemo;
			};
			name = Debug;
		};
		261D100E1FDE7FA800487F17 /* Release */ = {
			isa = XCBuildConfiguration;
			buildSettings = {
				CODE_SIGN_STYLE = Automatic;
				INFOPLIST_FILE = ReactiveCocoaDemoUITests/Info.plist;
				LD_RUNPATH_SEARCH_PATHS = "$(inherited) @executable_path/Frameworks @loader_path/Frameworks";
				PRODUCT_BUNDLE_IDENTIFIER = com.iceworks.ReactiveCocoaDemoUITests;
				PRODUCT_NAME = "$(TARGET_NAME)";
				TARGETED_DEVICE_FAMILY = "1,2";
				TEST_TARGET_NAME = ReactiveCocoaDemo;
			};
			name = Release;
		};
/* End XCBuildConfiguration section */

/* Begin XCConfigurationList section */
		261D0FD51FDE7FA700487F17 /* Build configuration list for PBXProject "ReactiveCocoaDemo" */ = {
			isa = XCConfigurationList;
			buildConfigurations = (
				261D10041FDE7FA800487F17 /* Debug */,
				261D10051FDE7FA800487F17 /* Release */,
			);
			defaultConfigurationIsVisible = 0;
			defaultConfigurationName = Release;
		};
		261D10061FDE7FA800487F17 /* Build configuration list for PBXNativeTarget "ReactiveCocoaDemo" */ = {
			isa = XCConfigurationList;
			buildConfigurations = (
				261D10071FDE7FA800487F17 /* Debug */,
				261D10081FDE7FA800487F17 /* Release */,
			);
			defaultConfigurationIsVisible = 0;
			defaultConfigurationName = Release;
		};
		261D10091FDE7FA800487F17 /* Build configuration list for PBXNativeTarget "ReactiveCocoaDemoTests" */ = {
			isa = XCConfigurationList;
			buildConfigurations = (
				261D100A1FDE7FA800487F17 /* Debug */,
				261D100B1FDE7FA800487F17 /* Release */,
			);
			defaultConfigurationIsVisible = 0;
			defaultConfigurationName = Release;
		};
		261D100C1FDE7FA800487F17 /* Build configuration list for PBXNativeTarget "ReactiveCocoaDemoUITests" */ = {
			isa = XCConfigurationList;
			buildConfigurations = (
				261D100D1FDE7FA800487F17 /* Debug */,
				261D100E1FDE7FA800487F17 /* Release */,
			);
			defaultConfigurationIsVisible = 0;
			defaultConfigurationName = Release;
		};
/* End XCConfigurationList section */
	};
	rootObject = 261D0FD21FDE7FA700487F17 /* Project object */;
}
